// !$*UTF8*$!
{
	archiveVersion = 1;
	classes = {
	};
	objectVersion = 50;
	objects = {

/* Begin PBXBuildFile section */
		7B726CF82252FAA300880FED /* AppDelegate.m in Sources */ = {isa = PBXBuildFile; fileRef = 7B726CF72252FAA300880FED /* AppDelegate.m */; };
		7B726CFB2252FAA300880FED /* ViewController.m in Sources */ = {isa = PBXBuildFile; fileRef = 7B726CFA2252FAA300880FED /* ViewController.m */; };
		7B726CFE2252FAA300880FED /* Main.storyboard in Resources */ = {isa = PBXBuildFile; fileRef = 7B726CFC2252FAA300880FED /* Main.storyboard */; };
		7B726D002252FAA600880FED /* Assets.xcassets in Resources */ = {isa = PBXBuildFile; fileRef = 7B726CFF2252FAA600880FED /* Assets.xcassets */; };
		7B726D032252FAA600880FED /* LaunchScreen.storyboard in Resources */ = {isa = PBXBuildFile; fileRef = 7B726D012252FAA600880FED /* LaunchScreen.storyboard */; };
		7B726D062252FAA600880FED /* main.m in Sources */ = {isa = PBXBuildFile; fileRef = 7B726D052252FAA600880FED /* main.m */; };
		7B726D102252FAA600880FED /* _Tests.m in Sources */ = {isa = PBXBuildFile; fileRef = 7B726D0F2252FAA600880FED /* _Tests.m */; };
		7B726D1B2252FAA600880FED /* _UITests.m in Sources */ = {isa = PBXBuildFile; fileRef = 7B726D1A2252FAA600880FED /* _UITests.m */; };
/* End PBXBuildFile section */

/* Begin PBXContainerItemProxy section */
		7B726D0C2252FAA600880FED /* PBXContainerItemProxy */ = {
			isa = PBXContainerItemProxy;
			containerPortal = 7B726CEB2252FAA200880FED /* Project object */;
			proxyType = 1;
			remoteGlobalIDString = 7B726CF22252FAA300880FED;
			remoteInfo = "锁";
		};
		7B726D172252FAA600880FED /* PBXContainerItemProxy */ = {
			isa = PBXContainerItemProxy;
			containerPortal = 7B726CEB2252FAA200880FED /* Project object */;
			proxyType = 1;
			remoteGlobalIDString = 7B726CF22252FAA300880FED;
			remoteInfo = "锁";
		};
/* End PBXContainerItemProxy section */

/* Begin PBXFileReference section */
		7B726CF32252FAA300880FED /* 锁.app */ = {isa = PBXFileReference; explicitFileType = wrapper.application; includeInIndex = 0; path = "锁.app"; sourceTree = BUILT_PRODUCTS_DIR; };
		7B726CF62252FAA300880FED /* AppDelegate.h */ = {isa = PBXFileReference; lastKnownFileType = sourcecode.c.h; path = AppDelegate.h; sourceTree = "<group>"; };
		7B726CF72252FAA300880FED /* AppDelegate.m */ = {isa = PBXFileReference; lastKnownFileType = sourcecode.c.objc; path = AppDelegate.m; sourceTree = "<group>"; };
		7B726CF92252FAA300880FED /* ViewController.h */ = {isa = PBXFileReference; lastKnownFileType = sourcecode.c.h; path = ViewController.h; sourceTree = "<group>"; };
		7B726CFA2252FAA300880FED /* ViewController.m */ = {isa = PBXFileReference; lastKnownFileType = sourcecode.c.objc; path = ViewController.m; sourceTree = "<group>"; };
		7B726CFD2252FAA300880FED /* Base */ = {isa = PBXFileReference; lastKnownFileType = file.storyboard; name = Base; path = Base.lproj/Main.storyboard; sourceTree = "<group>"; };
		7B726CFF2252FAA600880FED /* Assets.xcassets */ = {isa = PBXFileReference; lastKnownFileType = folder.assetcatalog; path = Assets.xcassets; sourceTree = "<group>"; };
		7B726D022252FAA600880FED /* Base */ = {isa = PBXFileReference; lastKnownFileType = file.storyboard; name = Base; path = Base.lproj/LaunchScreen.storyboard; sourceTree = "<group>"; };
		7B726D042252FAA600880FED /* Info.plist */ = {isa = PBXFileReference; lastKnownFileType = text.plist.xml; path = Info.plist; sourceTree = "<group>"; };
		7B726D052252FAA600880FED /* main.m */ = {isa = PBXFileReference; lastKnownFileType = sourcecode.c.objc; path = main.m; sourceTree = "<group>"; };
		7B726D0B2252FAA600880FED /* 锁Tests.xctest */ = {isa = PBXFileReference; explicitFileType = wrapper.cfbundle; includeInIndex = 0; path = "锁Tests.xctest"; sourceTree = BUILT_PRODUCTS_DIR; };
		7B726D0F2252FAA600880FED /* _Tests.m */ = {isa = PBXFileReference; lastKnownFileType = sourcecode.c.objc; path = _Tests.m; sourceTree = "<group>"; };
		7B726D112252FAA600880FED /* Info.plist */ = {isa = PBXFileReference; lastKnownFileType = text.plist.xml; path = Info.plist; sourceTree = "<group>"; };
		7B726D162252FAA600880FED /* 锁UITests.xctest */ = {isa = PBXFileReference; explicitFileType = wrapper.cfbundle; includeInIndex = 0; path = "锁UITests.xctest"; sourceTree = BUILT_PRODUCTS_DIR; };
		7B726D1A2252FAA600880FED /* _UITests.m */ = {isa = PBXFileReference; lastKnownFileType = sourcecode.c.objc; path = _UITests.m; sourceTree = "<group>"; };
		7B726D1C2252FAA600880FED /* Info.plist */ = {isa = PBXFileReference; lastKnownFileType = text.plist.xml; path = Info.plist; sourceTree = "<group>"; };
/* End PBXFileReference section */

/* Begin PBXFrameworksBuildPhase section */
		7B726CF02252FAA300880FED /* Frameworks */ = {
			isa = PBXFrameworksBuildPhase;
			buildActionMask = 2147483647;
			files = (
			);
			runOnlyForDeploymentPostprocessing = 0;
		};
		7B726D082252FAA600880FED /* Frameworks */ = {
			isa = PBXFrameworksBuildPhase;
			buildActionMask = 2147483647;
			files = (
			);
			runOnlyForDeploymentPostprocessing = 0;
		};
		7B726D132252FAA600880FED /* Frameworks */ = {
			isa = PBXFrameworksBuildPhase;
			buildActionMask = 2147483647;
			files = (
			);
			runOnlyForDeploymentPostprocessing = 0;
		};
/* End PBXFrameworksBuildPhase section */

/* Begin PBXGroup section */
		7B726CEA2252FAA200880FED = {
			isa = PBXGroup;
			children = (
				7B726CF52252FAA300880FED /* 锁 */,
				7B726D0E2252FAA600880FED /* 锁Tests */,
				7B726D192252FAA600880FED /* 锁UITests */,
				7B726CF42252FAA300880FED /* Products */,
			);
			sourceTree = "<group>";
		};
		7B726CF42252FAA300880FED /* Products */ = {
			isa = PBXGroup;
			children = (
				7B726CF32252FAA300880FED /* 锁.app */,
				7B726D0B2252FAA600880FED /* 锁Tests.xctest */,
				7B726D162252FAA600880FED /* 锁UITests.xctest */,
			);
			name = Products;
			sourceTree = "<group>";
		};
		7B726CF52252FAA300880FED /* 锁 */ = {
			isa = PBXGroup;
			children = (
				7B726CF62252FAA300880FED /* AppDelegate.h */,
				7B726CF72252FAA300880FED /* AppDelegate.m */,
				7B726CF92252FAA300880FED /* ViewController.h */,
				7B726CFA2252FAA300880FED /* ViewController.m */,
				7B726CFC2252FAA300880FED /* Main.storyboard */,
				7B726CFF2252FAA600880FED /* Assets.xcassets */,
				7B726D012252FAA600880FED /* LaunchScreen.storyboard */,
				7B726D042252FAA600880FED /* Info.plist */,
				7B726D052252FAA600880FED /* main.m */,
			);
			path = "锁";
			sourceTree = "<group>";
		};
		7B726D0E2252FAA600880FED /* 锁Tests */ = {
			isa = PBXGroup;
			children = (
				7B726D0F2252FAA600880FED /* _Tests.m */,
				7B726D112252FAA600880FED /* Info.plist */,
			);
			path = "锁Tests";
			sourceTree = "<group>";
		};
		7B726D192252FAA600880FED /* 锁UITests */ = {
			isa = PBXGroup;
			children = (
				7B726D1A2252FAA600880FED /* _UITests.m */,
				7B726D1C2252FAA600880FED /* Info.plist */,
			);
			path = "锁UITests";
			sourceTree = "<group>";
		};
/* End PBXGroup section */

/* Begin PBXNativeTarget section */
		7B726CF22252FAA300880FED /* 锁 */ = {
			isa = PBXNativeTarget;
			buildConfigurationList = 7B726D1F2252FAA600880FED /* Build configuration list for PBXNativeTarget "锁" */;
			buildPhases = (
				7B726CEF2252FAA300880FED /* Sources */,
				7B726CF02252FAA300880FED /* Frameworks */,
				7B726CF12252FAA300880FED /* Resources */,
			);
			buildRules = (
			);
			dependencies = (
			);
			name = "锁";
			productName = "锁";
			productReference = 7B726CF32252FAA300880FED /* 锁.app */;
			productType = "com.apple.product-type.application";
		};
		7B726D0A2252FAA600880FED /* 锁Tests */ = {
			isa = PBXNativeTarget;
			buildConfigurationList = 7B726D222252FAA600880FED /* Build configuration list for PBXNativeTarget "锁Tests" */;
			buildPhases = (
				7B726D072252FAA600880FED /* Sources */,
				7B726D082252FAA600880FED /* Frameworks */,
				7B726D092252FAA600880FED /* Resources */,
			);
			buildRules = (
			);
			dependencies = (
				7B726D0D2252FAA600880FED /* PBXTargetDependency */,
			);
			name = "锁Tests";
			productName = "锁Tests";
			productReference = 7B726D0B2252FAA600880FED /* 锁Tests.xctest */;
			productType = "com.apple.product-type.bundle.unit-test";
		};
		7B726D152252FAA600880FED /* 锁UITests */ = {
			isa = PBXNativeTarget;
			buildConfigurationList = 7B726D252252FAA600880FED /* Build configuration list for PBXNativeTarget "锁UITests" */;
			buildPhases = (
				7B726D122252FAA600880FED /* Sources */,
				7B726D132252FAA600880FED /* Frameworks */,
				7B726D142252FAA600880FED /* Resources */,
			);
			buildRules = (
			);
			dependencies = (
				7B726D182252FAA600880FED /* PBXTargetDependency */,
			);
			name = "锁UITests";
			productName = "锁UITests";
			productReference = 7B726D162252FAA600880FED /* 锁UITests.xctest */;
			productType = "com.apple.product-type.bundle.ui-testing";
		};
/* End PBXNativeTarget section */

/* Begin PBXProject section */
		7B726CEB2252FAA200880FED /* Project object */ = {
			isa = PBXProject;
			attributes = {
				LastUpgradeCheck = 1020;
				ORGANIZATIONNAME = Fly;
				TargetAttributes = {
					7B726CF22252FAA300880FED = {
						CreatedOnToolsVersion = 10.2;
					};
					7B726D0A2252FAA600880FED = {
						CreatedOnToolsVersion = 10.2;
						TestTargetID = 7B726CF22252FAA300880FED;
					};
					7B726D152252FAA600880FED = {
						CreatedOnToolsVersion = 10.2;
						TestTargetID = 7B726CF22252FAA300880FED;
					};
				};
			};
			buildConfigurationList = 7B726CEE2252FAA300880FED /* Build configuration list for PBXProject "锁" */;
			compatibilityVersion = "Xcode 9.3";
			developmentRegion = en;
			hasScannedForEncodings = 0;
			knownRegions = (
				en,
				Base,
			);
			mainGroup = 7B726CEA2252FAA200880FED;
			productRefGroup = 7B726CF42252FAA300880FED /* Products */;
			projectDirPath = "";
			projectRoot = "";
			targets = (
				7B726CF22252FAA300880FED /* 锁 */,
				7B726D0A2252FAA600880FED /* 锁Tests */,
				7B726D152252FAA600880FED /* 锁UITests */,
			);
		};
/* End PBXProject section */

/* Begin PBXResourcesBuildPhase section */
		7B726CF12252FAA300880FED /* Resources */ = {
			isa = PBXResourcesBuildPhase;
			buildActionMask = 2147483647;
			files = (
				7B726D032252FAA600880FED /* LaunchScreen.storyboard in Resources */,
				7B726D002252FAA600880FED /* Assets.xcassets in Resources */,
				7B726CFE2252FAA300880FED /* Main.storyboard in Resources */,
			);
			runOnlyForDeploymentPostprocessing = 0;
		};
		7B726D092252FAA600880FED /* Resources */ = {
			isa = PBXResourcesBuildPhase;
			buildActionMask = 2147483647;
			files = (
			);
			runOnlyForDeploymentPostprocessing = 0;
		};
		7B726D142252FAA600880FED /* Resources */ = {
			isa = PBXResourcesBuildPhase;
			buildActionMask = 2147483647;
			files = (
			);
			runOnlyForDeploymentPostprocessing = 0;
		};
/* End PBXResourcesBuildPhase section */

/* Begin PBXSourcesBuildPhase section */
		7B726CEF2252FAA300880FED /* Sources */ = {
			isa = PBXSourcesBuildPhase;
			buildActionMask = 2147483647;
			files = (
				7B726CFB2252FAA300880FED /* ViewController.m in Sources */,
				7B726D062252FAA600880FED /* main.m in Sources */,
				7B726CF82252FAA300880FED /* AppDelegate.m in Sources */,
			);
			runOnlyForDeploymentPostprocessing = 0;
		};
		7B726D072252FAA600880FED /* Sources */ = {
			isa = PBXSourcesBuildPhase;
			buildActionMask = 2147483647;
			files = (
				7B726D102252FAA600880FED /* _Tests.m in Sources */,
			);
			runOnlyForDeploymentPostprocessing = 0;
		};
		7B726D122252FAA600880FED /* Sources */ = {
			isa = PBXSourcesBuildPhase;
			buildActionMask = 2147483647;
			files = (
				7B726D1B2252FAA600880FED /* _UITests.m in Sources */,
			);
			runOnlyForDeploymentPostprocessing = 0;
		};
/* End PBXSourcesBuildPhase section */

/* Begin PBXTargetDependency section */
		7B726D0D2252FAA600880FED /* PBXTargetDependency */ = {
			isa = PBXTargetDependency;
			target = 7B726CF22252FAA300880FED /* 锁 */;
			targetProxy = 7B726D0C2252FAA600880FED /* PBXContainerItemProxy */;
		};
		7B726D182252FAA600880FED /* PBXTargetDependency */ = {
			isa = PBXTargetDependency;
			target = 7B726CF22252FAA300880FED /* 锁 */;
			targetProxy = 7B726D172252FAA600880FED /* PBXContainerItemProxy */;
		};
/* End PBXTargetDependency section */

/* Begin PBXVariantGroup section */
		7B726CFC2252FAA300880FED /* Main.storyboard */ = {
			isa = PBXVariantGroup;
			children = (
				7B726CFD2252FAA300880FED /* Base */,
			);
			name = Main.storyboard;
			sourceTree = "<group>";
		};
		7B726D012252FAA600880FED /* LaunchScreen.storyboard */ = {
			isa = PBXVariantGroup;
			children = (
				7B726D022252FAA600880FED /* Base */,
			);
			name = LaunchScreen.storyboard;
			sourceTree = "<group>";
		};
/* End PBXVariantGroup section */

/* Begin XCBuildConfiguration section */
		7B726D1D2252FAA600880FED /* Debug */ = {
			isa = XCBuildConfiguration;
			buildSettings = {
				ALWAYS_SEARCH_USER_PATHS = NO;
				CLANG_ANALYZER_NONNULL = YES;
				CLANG_ANALYZER_NUMBER_OBJECT_CONVERSION = YES_AGGRESSIVE;
				CLANG_CXX_LANGUAGE_STANDARD = "gnu++14";
				CLANG_CXX_LIBRARY = "libc++";
				CLANG_ENABLE_MODULES = YES;
				CLANG_ENABLE_OBJC_ARC = YES;
				CLANG_ENABLE_OBJC_WEAK = YES;
				CLANG_WARN_BLOCK_CAPTURE_AUTORELEASING = YES;
				CLANG_WARN_BOOL_CONVERSION = YES;
				CLANG_WARN_COMMA = YES;
				CLANG_WARN_CONSTANT_CONVERSION = YES;
				CLANG_WARN_DEPRECATED_OBJC_IMPLEMENTATIONS = YES;
				CLANG_WARN_DIRECT_OBJC_ISA_USAGE = YES_ERROR;
				CLANG_WARN_DOCUMENTATION_COMMENTS = YES;
				CLANG_WARN_EMPTY_BODY = YES;
				CLANG_WARN_ENUM_CONVERSION = YES;
				CLANG_WARN_INFINITE_RECURSION = YES;
				CLANG_WARN_INT_CONVERSION = YES;
				CLANG_WARN_NON_LITERAL_NULL_CONVERSION = YES;
				CLANG_WARN_OBJC_IMPLICIT_RETAIN_SELF = YES;
				CLANG_WARN_OBJC_LITERAL_CONVERSION = YES;
				CLANG_WARN_OBJC_ROOT_CLASS = YES_ERROR;
				CLANG_WARN_RANGE_LOOP_ANALYSIS = YES;
				CLANG_WARN_STRICT_PROTOTYPES = YES;
				CLANG_WARN_SUSPICIOUS_MOVE = YES;
				CLANG_WARN_UNGUARDED_AVAILABILITY = YES_AGGRESSIVE;
				CLANG_WARN_UNREACHABLE_CODE = YES;
				CLANG_WARN__DUPLICATE_METHOD_MATCH = YES;
				CODE_SIGN_IDENTITY = "iPhone Developer";
				COPY_PHASE_STRIP = NO;
				DEBUG_INFORMATION_FORMAT = dwarf;
				ENABLE_STRICT_OBJC_MSGSEND = YES;
				ENABLE_TESTABILITY = YES;
				GCC_C_LANGUAGE_STANDARD = gnu11;
				GCC_DYNAMIC_NO_PIC = NO;
				GCC_NO_COMMON_BLOCKS = YES;
				GCC_OPTIMIZATION_LEVEL = 0;
				GCC_PREPROCESSOR_DEFINITIONS = (
					"DEBUG=1",
					"$(inherited)",
				);
				GCC_WARN_64_TO_32_BIT_CONVERSION = YES;
				GCC_WARN_ABOUT_RETURN_TYPE = YES_ERROR;
				GCC_WARN_UNDECLARED_SELECTOR = YES;
				GCC_WARN_UNINITIALIZED_AUTOS = YES_AGGRESSIVE;
				GCC_WARN_UNUSED_FUNCTION = YES;
				GCC_WARN_UNUSED_VARIABLE = YES;
				IPHONEOS_DEPLOYMENT_TARGET = 12.2;
				MTL_ENABLE_DEBUG_INFO = INCLUDE_SOURCE;
				MTL_FAST_MATH = YES;
				ONLY_ACTIVE_ARCH = YES;
				SDKROOT = iphoneos;
			};
			name = Debug;
		};
		7B726D1E2252FAA600880FED /* Release */ = {
			isa = XCBuildConfiguration;
			buildSettings = {
				ALWAYS_SEARCH_USER_PATHS = NO;
				CLANG_ANALYZER_NONNULL = YES;
				CLANG_ANALYZER_NUMBER_OBJECT_CONVERSION = YES_AGGRESSIVE;
				CLANG_CXX_LANGUAGE_STANDARD = "gnu++14";
				CLANG_CXX_LIBRARY = "libc++";
				CLANG_ENABLE_MODULES = YES;
				CLANG_ENABLE_OBJC_ARC = YES;
				CLANG_ENABLE_OBJC_WEAK = YES;
				CLANG_WARN_BLOCK_CAPTURE_AUTORELEASING = YES;
				CLANG_WARN_BOOL_CONVERSION = YES;
				CLANG_WARN_COMMA = YES;
				CLANG_WARN_CONSTANT_CONVERSION = YES;
				CLANG_WARN_DEPRECATED_OBJC_IMPLEMENTATIONS = YES;
				CLANG_WARN_DIRECT_OBJC_ISA_USAGE = YES_ERROR;
				CLANG_WARN_DOCUMENTATION_COMMENTS = YES;
				CLANG_WARN_EMPTY_BODY = YES;
				CLANG_WARN_ENUM_CONVERSION = YES;
				CLANG_WARN_INFINITE_RECURSION = YES;
				CLANG_WARN_INT_CONVERSION = YES;
				CLANG_WARN_NON_LITERAL_NULL_CONVERSION = YES;
				CLANG_WARN_OBJC_IMPLICIT_RETAIN_SELF = YES;
				CLANG_WARN_OBJC_LITERAL_CONVERSION = YES;
				CLANG_WARN_OBJC_ROOT_CLASS = YES_ERROR;
				CLANG_WARN_RANGE_LOOP_ANALYSIS = YES;
				CLANG_WARN_STRICT_PROTOTYPES = YES;
				CLANG_WARN_SUSPICIOUS_MOVE = YES;
				CLANG_WARN_UNGUARDED_AVAILABILITY = YES_AGGRESSIVE;
				CLANG_WARN_UNREACHABLE_CODE = YES;
				CLANG_WARN__DUPLICATE_METHOD_MATCH = YES;
				CODE_SIGN_IDENTITY = "iPhone Developer";
				COPY_PHASE_STRIP = NO;
				DEBUG_INFORMATION_FORMAT = "dwarf-with-dsym";
				ENABLE_NS_ASSERTIONS = NO;
				ENABLE_STRICT_OBJC_MSGSEND = YES;
				GCC_C_LANGUAGE_STANDARD = gnu11;
				GCC_NO_COMMON_BLOCKS = YES;
				GCC_WARN_64_TO_32_BIT_CONVERSION = YES;
				GCC_WARN_ABOUT_RETURN_TYPE = YES_ERROR;
				GCC_WARN_UNDECLARED_SELECTOR = YES;
				GCC_WARN_UNINITIALIZED_AUTOS = YES_AGGRESSIVE;
				GCC_WARN_UNUSED_FUNCTION = YES;
				GCC_WARN_UNUSED_VARIABLE = YES;
				IPHONEOS_DEPLOYMENT_TARGET = 12.2;
				MTL_ENABLE_DEBUG_INFO = NO;
				MTL_FAST_MATH = YES;
				SDKROOT = iphoneos;
				VALIDATE_PRODUCT = YES;
			};
			name = Release;
		};
		7B726D202252FAA600880FED /* Debug */ = {
			isa = XCBuildConfiguration;
			buildSettings = {
				ASSETCATALOG_COMPILER_APPICON_NAME = AppIcon;
				CODE_SIGN_STYLE = Automatic;
				INFOPLIST_FILE = "锁/Info.plist";
				LD_RUNPATH_SEARCH_PATHS = (
					"$(inherited)",
					"@executable_path/Frameworks",
				);
				PRODUCT_BUNDLE_IDENTIFIER = "com.fly.www.-";
				PRODUCT_NAME = "$(TARGET_NAME)";
				TARGETED_DEVICE_FAMILY = "1,2";
			};
			name = Debug;
		};
		7B726D212252FAA600880FED /* Release */ = {
			isa = XCBuildConfiguration;
			buildSettings = {
				ASSETCATALOG_COMPILER_APPICON_NAME = AppIcon;
				CODE_SIGN_STYLE = Automatic;
				INFOPLIST_FILE = "锁/Info.plist";
				LD_RUNPATH_SEARCH_PATHS = (
					"$(inherited)",
					"@executable_path/Frameworks",
				);
				PRODUCT_BUNDLE_IDENTIFIER = "com.fly.www.-";
				PRODUCT_NAME = "$(TARGET_NAME)";
				TARGETED_DEVICE_FAMILY = "1,2";
			};
			name = Release;
		};
		7B726D232252FAA600880FED /* Debug */ = {
			isa = XCBuildConfiguration;
			buildSettings = {
				BUNDLE_LOADER = "$(TEST_HOST)";
				CODE_SIGN_STYLE = Automatic;
				INFOPLIST_FILE = "锁Tests/Info.plist";
				LD_RUNPATH_SEARCH_PATHS = (
					"$(inherited)",
					"@executable_path/Frameworks",
					"@loader_path/Frameworks",
				);
				PRODUCT_BUNDLE_IDENTIFIER = "com.fly.www.-Tests";
				PRODUCT_NAME = "$(TARGET_NAME)";
				TARGETED_DEVICE_FAMILY = "1,2";
				TEST_HOST = "$(BUILT_PRODUCTS_DIR)/锁.app/锁";
			};
			name = Debug;
		};
		7B726D242252FAA600880FED /* Release */ = {
			isa = XCBuildConfiguration;
			buildSettings = {
				BUNDLE_LOADER = "$(TEST_HOST)";
				CODE_SIGN_STYLE = Automatic;
				INFOPLIST_FILE = "锁Tests/Info.plist";
				LD_RUNPATH_SEARCH_PATHS = (
					"$(inherited)",
					"@executable_path/Frameworks",
					"@loader_path/Frameworks",
				);
				PRODUCT_BUNDLE_IDENTIFIER = "com.fly.www.-Tests";
				PRODUCT_NAME = "$(TARGET_NAME)";
				TARGETED_DEVICE_FAMILY = "1,2";
				TEST_HOST = "$(BUILT_PRODUCTS_DIR)/锁.app/锁";
			};
			name = Release;
		};
		7B726D262252FAA600880FED /* Debug */ = {
			isa = XCBuildConfiguration;
			buildSettings = {
				CODE_SIGN_STYLE = Automatic;
				INFOPLIST_FILE = "锁UITests/Info.plist";
				LD_RUNPATH_SEARCH_PATHS = (
					"$(inherited)",
					"@executable_path/Frameworks",
					"@loader_path/Frameworks",
				);
				PRODUCT_BUNDLE_IDENTIFIER = "com.fly.www.-UITests";
				PRODUCT_NAME = "$(TARGET_NAME)";
				TARGETED_DEVICE_FAMILY = "1,2";
				TEST_TARGET_NAME = "锁";
			};
			name = Debug;
		};
		7B726D272252FAA600880FED /* Release */ = {
			isa = XCBuildConfiguration;
			buildSettings = {
				CODE_SIGN_STYLE = Automatic;
				INFOPLIST_FILE = "锁UITests/Info.plist";
				LD_RUNPATH_SEARCH_PATHS = (
					"$(inherited)",
					"@executable_path/Frameworks",
					"@loader_path/Frameworks",
				);
				PRODUCT_BUNDLE_IDENTIFIER = "com.fly.www.-UITests";
				PRODUCT_NAME = "$(TARGET_NAME)";
				TARGETED_DEVICE_FAMILY = "1,2";
				TEST_TARGET_NAME = "锁";
			};
			name = Release;
		};
/* End XCBuildConfiguration section */

/* Begin XCConfigurationList section */
		7B726CEE2252FAA300880FED /* Build configuration list for PBXProject "锁" */ = {
			isa = XCConfigurationList;
			buildConfigurations = (
				7B726D1D2252FAA600880FED /* Debug */,
				7B726D1E2252FAA600880FED /* Release */,
			);
			defaultConfigurationIsVisible = 0;
			defaultConfigurationName = Release;
		};
		7B726D1F2252FAA600880FED /* Build configuration list for PBXNativeTarget "锁" */ = {
			isa = XCConfigurationList;
			buildConfigurations = (
				7B726D202252FAA600880FED /* Debug */,
				7B726D212252FAA600880FED /* Release */,
			);
			defaultConfigurationIsVisible = 0;
			defaultConfigurationName = Release;
		};
		7B726D222252FAA600880FED /* Build configuration list for PBXNativeTarget "锁Tests" */ = {
			isa = XCConfigurationList;
			buildConfigurations = (
				7B726D232252FAA600880FED /* Debug */,
				7B726D242252FAA600880FED /* Release */,
			);
			defaultConfigurationIsVisible = 0;
			defaultConfigurationName = Release;
		};
		7B726D252252FAA600880FED /* Build configuration list for PBXNativeTarget "锁UITests" */ = {
			isa = XCConfigurationList;
			buildConfigurations = (
				7B726D262252FAA600880FED /* Debug */,
				7B726D272252FAA600880FED /* Release */,
			);
			defaultConfigurationIsVisible = 0;
			defaultConfigurationName = Release;
		};
/* End XCConfigurationList section */
	};
	rootObject = 7B726CEB2252FAA200880FED /* Project object */;
}
