// !$*UTF8*$!
{
	archiveVersion = 1;
	classes = {
	};
	objectVersion = 46;
	objects = {

/* Begin PBXBuildFile section */
		39271E381E694E7300894C07 /* main.m in Sources */ = {isa = PBXBuildFile; fileRef = 39271E371E694E7300894C07 /* main.m */; };
		39271E3B1E694E7300894C07 /* AppDelegate.m in Sources */ = {isa = PBXBuildFile; fileRef = 39271E3A1E694E7300894C07 /* AppDelegate.m */; };
		39271E3E1E694E7300894C07 /* ViewController.m in Sources */ = {isa = PBXBuildFile; fileRef = 39271E3D1E694E7300894C07 /* ViewController.m */; };
		39271E411E694E7300894C07 /* Main.storyboard in Resources */ = {isa = PBXBuildFile; fileRef = 39271E3F1E694E7300894C07 /* Main.storyboard */; };
		39271E431E694E7300894C07 /* Assets.xcassets in Resources */ = {isa = PBXBuildFile; fileRef = 39271E421E694E7300894C07 /* Assets.xcassets */; };
		39271E461E694E7300894C07 /* LaunchScreen.storyboard in Resources */ = {isa = PBXBuildFile; fileRef = 39271E441E694E7300894C07 /* LaunchScreen.storyboard */; };
		39271E511E694E7300894C07 /* ____Tests.m in Sources */ = {isa = PBXBuildFile; fileRef = 39271E501E694E7300894C07 /* ____Tests.m */; };
		39271E5C1E694E7300894C07 /* ____UITests.m in Sources */ = {isa = PBXBuildFile; fileRef = 39271E5B1E694E7300894C07 /* ____UITests.m */; };
		39271E6E1E69533F00894C07 /* 0.jpg in Resources */ = {isa = PBXBuildFile; fileRef = 39271E691E69533F00894C07 /* 0.jpg */; };
		39271E701E69533F00894C07 /* 2.jpg in Resources */ = {isa = PBXBuildFile; fileRef = 39271E6B1E69533F00894C07 /* 2.jpg */; };
		39271E711E69533F00894C07 /* 3.jpg in Resources */ = {isa = PBXBuildFile; fileRef = 39271E6C1E69533F00894C07 /* 3.jpg */; };
		39271E741E6953E700894C07 /* 1.jpg in Resources */ = {isa = PBXBuildFile; fileRef = 39271E731E6953E700894C07 /* 1.jpg */; };
		39271E761E69545400894C07 /* 4.jpg in Resources */ = {isa = PBXBuildFile; fileRef = 39271E751E69545400894C07 /* 4.jpg */; };
/* End PBXBuildFile section */

/* Begin PBXContainerItemProxy section */
		39271E4D1E694E7300894C07 /* PBXContainerItemProxy */ = {
			isa = PBXContainerItemProxy;
			containerPortal = 39271E2B1E694E7300894C07 /* Project object */;
			proxyType = 1;
			remoteGlobalIDString = 39271E321E694E7300894C07;
			remoteInfo = "转场动画";
		};
		39271E581E694E7300894C07 /* PBXContainerItemProxy */ = {
			isa = PBXContainerItemProxy;
			containerPortal = 39271E2B1E694E7300894C07 /* Project object */;
			proxyType = 1;
			remoteGlobalIDString = 39271E321E694E7300894C07;
			remoteInfo = "转场动画";
		};
/* End PBXContainerItemProxy section */

/* Begin PBXFileReference section */
		39271E331E694E7300894C07 /* 转场动画.app */ = {isa = PBXFileReference; explicitFileType = wrapper.application; includeInIndex = 0; path = "转场动画.app"; sourceTree = BUILT_PRODUCTS_DIR; };
		39271E371E694E7300894C07 /* main.m */ = {isa = PBXFileReference; lastKnownFileType = sourcecode.c.objc; path = main.m; sourceTree = "<group>"; };
		39271E391E694E7300894C07 /* AppDelegate.h */ = {isa = PBXFileReference; lastKnownFileType = sourcecode.c.h; path = AppDelegate.h; sourceTree = "<group>"; };
		39271E3A1E694E7300894C07 /* AppDelegate.m */ = {isa = PBXFileReference; lastKnownFileType = sourcecode.c.objc; path = AppDelegate.m; sourceTree = "<group>"; };
		39271E3C1E694E7300894C07 /* ViewController.h */ = {isa = PBXFileReference; lastKnownFileType = sourcecode.c.h; path = ViewController.h; sourceTree = "<group>"; };
		39271E3D1E694E7300894C07 /* ViewController.m */ = {isa = PBXFileReference; lastKnownFileType = sourcecode.c.objc; path = ViewController.m; sourceTree = "<group>"; };
		39271E401E694E7300894C07 /* Base */ = {isa = PBXFileReference; lastKnownFileType = file.storyboard; name = Base; path = Base.lproj/Main.storyboard; sourceTree = "<group>"; };
		39271E421E694E7300894C07 /* Assets.xcassets */ = {isa = PBXFileReference; lastKnownFileType = folder.assetcatalog; path = Assets.xcassets; sourceTree = "<group>"; };
		39271E451E694E7300894C07 /* Base */ = {isa = PBXFileReference; lastKnownFileType = file.storyboard; name = Base; path = Base.lproj/LaunchScreen.storyboard; sourceTree = "<group>"; };
		39271E471E694E7300894C07 /* Info.plist */ = {isa = PBXFileReference; lastKnownFileType = text.plist.xml; path = Info.plist; sourceTree = "<group>"; };
		39271E4C1E694E7300894C07 /* 转场动画Tests.xctest */ = {isa = PBXFileReference; explicitFileType = wrapper.cfbundle; includeInIndex = 0; path = "转场动画Tests.xctest"; sourceTree = BUILT_PRODUCTS_DIR; };
		39271E501E694E7300894C07 /* ____Tests.m */ = {isa = PBXFileReference; lastKnownFileType = sourcecode.c.objc; path = "____Tests.m"; sourceTree = "<group>"; };
		39271E521E694E7300894C07 /* Info.plist */ = {isa = PBXFileReference; lastKnownFileType = text.plist.xml; path = Info.plist; sourceTree = "<group>"; };
		39271E571E694E7300894C07 /* 转场动画UITests.xctest */ = {isa = PBXFileReference; explicitFileType = wrapper.cfbundle; includeInIndex = 0; path = "转场动画UITests.xctest"; sourceTree = BUILT_PRODUCTS_DIR; };
		39271E5B1E694E7300894C07 /* ____UITests.m */ = {isa = PBXFileReference; lastKnownFileType = sourcecode.c.objc; path = "____UITests.m"; sourceTree = "<group>"; };
		39271E5D1E694E7300894C07 /* Info.plist */ = {isa = PBXFileReference; lastKnownFileType = text.plist.xml; path = Info.plist; sourceTree = "<group>"; };
		39271E691E69533F00894C07 /* 0.jpg */ = {isa = PBXFileReference; lastKnownFileType = image.jpeg; path = 0.jpg; sourceTree = "<group>"; };
		39271E6B1E69533F00894C07 /* 2.jpg */ = {isa = PBXFileReference; lastKnownFileType = image.jpeg; path = 2.jpg; sourceTree = "<group>"; };
		39271E6C1E69533F00894C07 /* 3.jpg */ = {isa = PBXFileReference; lastKnownFileType = image.jpeg; path = 3.jpg; sourceTree = "<group>"; };
		39271E731E6953E700894C07 /* 1.jpg */ = {isa = PBXFileReference; lastKnownFileType = image.jpeg; path = 1.jpg; sourceTree = "<group>"; };
		39271E751E69545400894C07 /* 4.jpg */ = {isa = PBXFileReference; lastKnownFileType = image.jpeg; path = 4.jpg; sourceTree = "<group>"; };
/* End PBXFileReference section */

/* Begin PBXFrameworksBuildPhase section */
		39271E301E694E7300894C07 /* Frameworks */ = {
			isa = PBXFrameworksBuildPhase;
			buildActionMask = 2147483647;
			files = (
			);
			runOnlyForDeploymentPostprocessing = 0;
		};
		39271E491E694E7300894C07 /* Frameworks */ = {
			isa = PBXFrameworksBuildPhase;
			buildActionMask = 2147483647;
			files = (
			);
			runOnlyForDeploymentPostprocessing = 0;
		};
		39271E541E694E7300894C07 /* Frameworks */ = {
			isa = PBXFrameworksBuildPhase;
			buildActionMask = 2147483647;
			files = (
			);
			runOnlyForDeploymentPostprocessing = 0;
		};
/* End PBXFrameworksBuildPhase section */

/* Begin PBXGroup section */
		39271E2A1E694E7300894C07 = {
			isa = PBXGroup;
			children = (
				39271E351E694E7300894C07 /* 转场动画 */,
				39271E4F1E694E7300894C07 /* 转场动画Tests */,
				39271E5A1E694E7300894C07 /* 转场动画UITests */,
				39271E341E694E7300894C07 /* Products */,
			);
			sourceTree = "<group>";
		};
		39271E341E694E7300894C07 /* Products */ = {
			isa = PBXGroup;
			children = (
				39271E331E694E7300894C07 /* 转场动画.app */,
				39271E4C1E694E7300894C07 /* 转场动画Tests.xctest */,
				39271E571E694E7300894C07 /* 转场动画UITests.xctest */,
			);
			name = Products;
			sourceTree = "<group>";
		};
		39271E351E694E7300894C07 /* 转场动画 */ = {
			isa = PBXGroup;
			children = (
				39271E691E69533F00894C07 /* 0.jpg */,
				39271E731E6953E700894C07 /* 1.jpg */,
				39271E6B1E69533F00894C07 /* 2.jpg */,
				39271E6C1E69533F00894C07 /* 3.jpg */,
				39271E751E69545400894C07 /* 4.jpg */,
				39271E391E694E7300894C07 /* AppDelegate.h */,
				39271E3A1E694E7300894C07 /* AppDelegate.m */,
				39271E3C1E694E7300894C07 /* ViewController.h */,
				39271E3D1E694E7300894C07 /* ViewController.m */,
				39271E3F1E694E7300894C07 /* Main.storyboard */,
				39271E421E694E7300894C07 /* Assets.xcassets */,
				39271E441E694E7300894C07 /* LaunchScreen.storyboard */,
				39271E471E694E7300894C07 /* Info.plist */,
				39271E361E694E7300894C07 /* Supporting Files */,
			);
			path = "转场动画";
			sourceTree = "<group>";
		};
		39271E361E694E7300894C07 /* Supporting Files */ = {
			isa = PBXGroup;
			children = (
				39271E371E694E7300894C07 /* main.m */,
			);
			name = "Supporting Files";
			sourceTree = "<group>";
		};
		39271E4F1E694E7300894C07 /* 转场动画Tests */ = {
			isa = PBXGroup;
			children = (
				39271E501E694E7300894C07 /* ____Tests.m */,
				39271E521E694E7300894C07 /* Info.plist */,
			);
			path = "转场动画Tests";
			sourceTree = "<group>";
		};
		39271E5A1E694E7300894C07 /* 转场动画UITests */ = {
			isa = PBXGroup;
			children = (
				39271E5B1E694E7300894C07 /* ____UITests.m */,
				39271E5D1E694E7300894C07 /* Info.plist */,
			);
			path = "转场动画UITests";
			sourceTree = "<group>";
		};
/* End PBXGroup section */

/* Begin PBXNativeTarget section */
		39271E321E694E7300894C07 /* 转场动画 */ = {
			isa = PBXNativeTarget;
			buildConfigurationList = 39271E601E694E7300894C07 /* Build configuration list for PBXNativeTarget "转场动画" */;
			buildPhases = (
				39271E2F1E694E7300894C07 /* Sources */,
				39271E301E694E7300894C07 /* Frameworks */,
				39271E311E694E7300894C07 /* Resources */,
			);
			buildRules = (
			);
			dependencies = (
			);
			name = "转场动画";
			productName = "转场动画";
			productReference = 39271E331E694E7300894C07 /* 转场动画.app */;
			productType = "com.apple.product-type.application";
		};
		39271E4B1E694E7300894C07 /* 转场动画Tests */ = {
			isa = PBXNativeTarget;
			buildConfigurationList = 39271E631E694E7300894C07 /* Build configuration list for PBXNativeTarget "转场动画Tests" */;
			buildPhases = (
				39271E481E694E7300894C07 /* Sources */,
				39271E491E694E7300894C07 /* Frameworks */,
				39271E4A1E694E7300894C07 /* Resources */,
			);
			buildRules = (
			);
			dependencies = (
				39271E4E1E694E7300894C07 /* PBXTargetDependency */,
			);
			name = "转场动画Tests";
			productName = "转场动画Tests";
			productReference = 39271E4C1E694E7300894C07 /* 转场动画Tests.xctest */;
			productType = "com.apple.product-type.bundle.unit-test";
		};
		39271E561E694E7300894C07 /* 转场动画UITests */ = {
			isa = PBXNativeTarget;
			buildConfigurationList = 39271E661E694E7300894C07 /* Build configuration list for PBXNativeTarget "转场动画UITests" */;
			buildPhases = (
				39271E531E694E7300894C07 /* Sources */,
				39271E541E694E7300894C07 /* Frameworks */,
				39271E551E694E7300894C07 /* Resources */,
			);
			buildRules = (
			);
			dependencies = (
				39271E591E694E7300894C07 /* PBXTargetDependency */,
			);
			name = "转场动画UITests";
			productName = "转场动画UITests";
			productReference = 39271E571E694E7300894C07 /* 转场动画UITests.xctest */;
			productType = "com.apple.product-type.bundle.ui-testing";
		};
/* End PBXNativeTarget section */

/* Begin PBXProject section */
		39271E2B1E694E7300894C07 /* Project object */ = {
			isa = PBXProject;
			attributes = {
				LastUpgradeCheck = 0820;
				ORGANIZATIONNAME = walg;
				TargetAttributes = {
					39271E321E694E7300894C07 = {
						CreatedOnToolsVersion = 8.2.1;
						ProvisioningStyle = Automatic;
					};
					39271E4B1E694E7300894C07 = {
						CreatedOnToolsVersion = 8.2.1;
						ProvisioningStyle = Automatic;
						TestTargetID = 39271E321E694E7300894C07;
					};
					39271E561E694E7300894C07 = {
						CreatedOnToolsVersion = 8.2.1;
						ProvisioningStyle = Automatic;
						TestTargetID = 39271E321E694E7300894C07;
					};
				};
			};
			buildConfigurationList = 39271E2E1E694E7300894C07 /* Build configuration list for PBXProject "转场动画" */;
			compatibilityVersion = "Xcode 3.2";
			developmentRegion = English;
			hasScannedForEncodings = 0;
			knownRegions = (
				en,
				Base,
			);
			mainGroup = 39271E2A1E694E7300894C07;
			productRefGroup = 39271E341E694E7300894C07 /* Products */;
			projectDirPath = "";
			projectRoot = "";
			targets = (
				39271E321E694E7300894C07 /* 转场动画 */,
				39271E4B1E694E7300894C07 /* 转场动画Tests */,
				39271E561E694E7300894C07 /* 转场动画UITests */,
			);
		};
/* End PBXProject section */

/* Begin PBXResourcesBuildPhase section */
		39271E311E694E7300894C07 /* Resources */ = {
			isa = PBXResourcesBuildPhase;
			buildActionMask = 2147483647;
			files = (
				39271E761E69545400894C07 /* 4.jpg in Resources */,
				39271E701E69533F00894C07 /* 2.jpg in Resources */,
				39271E741E6953E700894C07 /* 1.jpg in Resources */,
				39271E461E694E7300894C07 /* LaunchScreen.storyboard in Resources */,
				39271E431E694E7300894C07 /* Assets.xcassets in Resources */,
				39271E711E69533F00894C07 /* 3.jpg in Resources */,
				39271E411E694E7300894C07 /* Main.storyboard in Resources */,
				39271E6E1E69533F00894C07 /* 0.jpg in Resources */,
			);
			runOnlyForDeploymentPostprocessing = 0;
		};
		39271E4A1E694E7300894C07 /* Resources */ = {
			isa = PBXResourcesBuildPhase;
			buildActionMask = 2147483647;
			files = (
			);
			runOnlyForDeploymentPostprocessing = 0;
		};
		39271E551E694E7300894C07 /* Resources */ = {
			isa = PBXResourcesBuildPhase;
			buildActionMask = 2147483647;
			files = (
			);
			runOnlyForDeploymentPostprocessing = 0;
		};
/* End PBXResourcesBuildPhase section */

/* Begin PBXSourcesBuildPhase section */
		39271E2F1E694E7300894C07 /* Sources */ = {
			isa = PBXSourcesBuildPhase;
			buildActionMask = 2147483647;
			files = (
				39271E3E1E694E7300894C07 /* ViewController.m in Sources */,
				39271E3B1E694E7300894C07 /* AppDelegate.m in Sources */,
				39271E381E694E7300894C07 /* main.m in Sources */,
			);
			runOnlyForDeploymentPostprocessing = 0;
		};
		39271E481E694E7300894C07 /* Sources */ = {
			isa = PBXSourcesBuildPhase;
			buildActionMask = 2147483647;
			files = (
				39271E511E694E7300894C07 /* ____Tests.m in Sources */,
			);
			runOnlyForDeploymentPostprocessing = 0;
		};
		39271E531E694E7300894C07 /* Sources */ = {
			isa = PBXSourcesBuildPhase;
			buildActionMask = 2147483647;
			files = (
				39271E5C1E694E7300894C07 /* ____UITests.m in Sources */,
			);
			runOnlyForDeploymentPostprocessing = 0;
		};
/* End PBXSourcesBuildPhase section */

/* Begin PBXTargetDependency section */
		39271E4E1E694E7300894C07 /* PBXTargetDependency */ = {
			isa = PBXTargetDependency;
			target = 39271E321E694E7300894C07 /* 转场动画 */;
			targetProxy = 39271E4D1E694E7300894C07 /* PBXContainerItemProxy */;
		};
		39271E591E694E7300894C07 /* PBXTargetDependency */ = {
			isa = PBXTargetDependency;
			target = 39271E321E694E7300894C07 /* 转场动画 */;
			targetProxy = 39271E581E694E7300894C07 /* PBXContainerItemProxy */;
		};
/* End PBXTargetDependency section */

/* Begin PBXVariantGroup section */
		39271E3F1E694E7300894C07 /* Main.storyboard */ = {
			isa = PBXVariantGroup;
			children = (
				39271E401E694E7300894C07 /* Base */,
			);
			name = Main.storyboard;
			sourceTree = "<group>";
		};
		39271E441E694E7300894C07 /* LaunchScreen.storyboard */ = {
			isa = PBXVariantGroup;
			children = (
				39271E451E694E7300894C07 /* Base */,
			);
			name = LaunchScreen.storyboard;
			sourceTree = "<group>";
		};
/* End PBXVariantGroup section */

/* Begin XCBuildConfiguration section */
		39271E5E1E694E7300894C07 /* Debug */ = {
			isa = XCBuildConfiguration;
			buildSettings = {
				ALWAYS_SEARCH_USER_PATHS = NO;
				CLANG_ANALYZER_NONNULL = YES;
				CLANG_CXX_LANGUAGE_STANDARD = "gnu++0x";
				CLANG_CXX_LIBRARY = "libc++";
				CLANG_ENABLE_MODULES = YES;
				CLANG_ENABLE_OBJC_ARC = YES;
				CLANG_WARN_BOOL_CONVERSION = YES;
				CLANG_WARN_CONSTANT_CONVERSION = YES;
				CLANG_WARN_DIRECT_OBJC_ISA_USAGE = YES_ERROR;
				CLANG_WARN_DOCUMENTATION_COMMENTS = YES;
				CLANG_WARN_EMPTY_BODY = YES;
				CLANG_WARN_ENUM_CONVERSION = YES;
				CLANG_WARN_INFINITE_RECURSION = YES;
				CLANG_WARN_INT_CONVERSION = YES;
				CLANG_WARN_OBJC_ROOT_CLASS = YES_ERROR;
				CLANG_WARN_SUSPICIOUS_MOVE = YES;
				CLANG_WARN_UNREACHABLE_CODE = YES;
				CLANG_WARN__DUPLICATE_METHOD_MATCH = YES;
				"CODE_SIGN_IDENTITY[sdk=iphoneos*]" = "iPhone Developer";
				COPY_PHASE_STRIP = NO;
				DEBUG_INFORMATION_FORMAT = dwarf;
				ENABLE_STRICT_OBJC_MSGSEND = YES;
				ENABLE_TESTABILITY = YES;
				GCC_C_LANGUAGE_STANDARD = gnu99;
				GCC_DYNAMIC_NO_PIC = NO;
				GCC_NO_COMMON_BLOCKS = YES;
				GCC_OPTIMIZATION_LEVEL = 0;
				GCC_PREPROCESSOR_DEFINITIONS = (
					"DEBUG=1",
					"$(inherited)",
				);
				GCC_WARN_64_TO_32_BIT_CONVERSION = YES;
				GCC_WARN_ABOUT_RETURN_TYPE = YES_ERROR;
				GCC_WARN_UNDECLARED_SELECTOR = YES;
				GCC_WARN_UNINITIALIZED_AUTOS = YES_AGGRESSIVE;
				GCC_WARN_UNUSED_FUNCTION = YES;
				GCC_WARN_UNUSED_VARIABLE = YES;
				IPHONEOS_DEPLOYMENT_TARGET = 10.2;
				MTL_ENABLE_DEBUG_INFO = YES;
				ONLY_ACTIVE_ARCH = YES;
				SDKROOT = iphoneos;
			};
			name = Debug;
		};
		39271E5F1E694E7300894C07 /* Release */ = {
			isa = XCBuildConfiguration;
			buildSettings = {
				ALWAYS_SEARCH_USER_PATHS = NO;
				CLANG_ANALYZER_NONNULL = YES;
				CLANG_CXX_LANGUAGE_STANDARD = "gnu++0x";
				CLANG_CXX_LIBRARY = "libc++";
				CLANG_ENABLE_MODULES = YES;
				CLANG_ENABLE_OBJC_ARC = YES;
				CLANG_WARN_BOOL_CONVERSION = YES;
				CLANG_WARN_CONSTANT_CONVERSION = YES;
				CLANG_WARN_DIRECT_OBJC_ISA_USAGE = YES_ERROR;
				CLANG_WARN_DOCUMENTATION_COMMENTS = YES;
				CLANG_WARN_EMPTY_BODY = YES;
				CLANG_WARN_ENUM_CONVERSION = YES;
				CLANG_WARN_INFINITE_RECURSION = YES;
				CLANG_WARN_INT_CONVERSION = YES;
				CLANG_WARN_OBJC_ROOT_CLASS = YES_ERROR;
				CLANG_WARN_SUSPICIOUS_MOVE = YES;
				CLANG_WARN_UNREACHABLE_CODE = YES;
				CLANG_WARN__DUPLICATE_METHOD_MATCH = YES;
				"CODE_SIGN_IDENTITY[sdk=iphoneos*]" = "iPhone Developer";
				COPY_PHASE_STRIP = NO;
				DEBUG_INFORMATION_FORMAT = "dwarf-with-dsym";
				ENABLE_NS_ASSERTIONS = NO;
				ENABLE_STRICT_OBJC_MSGSEND = YES;
				GCC_C_LANGUAGE_STANDARD = gnu99;
				GCC_NO_COMMON_BLOCKS = YES;
				GCC_WARN_64_TO_32_BIT_CONVERSION = YES;
				GCC_WARN_ABOUT_RETURN_TYPE = YES_ERROR;
				GCC_WARN_UNDECLARED_SELECTOR = YES;
				GCC_WARN_UNINITIALIZED_AUTOS = YES_AGGRESSIVE;
				GCC_WARN_UNUSED_FUNCTION = YES;
				GCC_WARN_UNUSED_VARIABLE = YES;
				IPHONEOS_DEPLOYMENT_TARGET = 10.2;
				MTL_ENABLE_DEBUG_INFO = NO;
				SDKROOT = iphoneos;
				VALIDATE_PRODUCT = YES;
			};
			name = Release;
		};
		39271E611E694E7300894C07 /* Debug */ = {
			isa = XCBuildConfiguration;
			buildSettings = {
				ASSETCATALOG_COMPILER_APPICON_NAME = AppIcon;
				INFOPLIST_FILE = "转场动画/Info.plist";
				LD_RUNPATH_SEARCH_PATHS = "$(inherited) @executable_path/Frameworks";
				PRODUCT_BUNDLE_IDENTIFIER = "com.walg.www.----";
				PRODUCT_NAME = "$(TARGET_NAME)";
			};
			name = Debug;
		};
		39271E621E694E7300894C07 /* Release */ = {
			isa = XCBuildConfiguration;
			buildSettings = {
				ASSETCATALOG_COMPILER_APPICON_NAME = AppIcon;
				INFOPLIST_FILE = "转场动画/Info.plist";
				LD_RUNPATH_SEARCH_PATHS = "$(inherited) @executable_path/Frameworks";
				PRODUCT_BUNDLE_IDENTIFIER = "com.walg.www.----";
				PRODUCT_NAME = "$(TARGET_NAME)";
			};
			name = Release;
		};
		39271E641E694E7300894C07 /* Debug */ = {
			isa = XCBuildConfiguration;
			buildSettings = {
				BUNDLE_LOADER = "$(TEST_HOST)";
				INFOPLIST_FILE = "转场动画Tests/Info.plist";
				LD_RUNPATH_SEARCH_PATHS = "$(inherited) @executable_path/Frameworks @loader_path/Frameworks";
				PRODUCT_BUNDLE_IDENTIFIER = "com.walg.www.----Tests";
				PRODUCT_NAME = "$(TARGET_NAME)";
				TEST_HOST = "$(BUILT_PRODUCTS_DIR)/转场动画.app/转场动画";
			};
			name = Debug;
		};
		39271E651E694E7300894C07 /* Release */ = {
			isa = XCBuildConfiguration;
			buildSettings = {
				BUNDLE_LOADER = "$(TEST_HOST)";
				INFOPLIST_FILE = "转场动画Tests/Info.plist";
				LD_RUNPATH_SEARCH_PATHS = "$(inherited) @executable_path/Frameworks @loader_path/Frameworks";
				PRODUCT_BUNDLE_IDENTIFIER = "com.walg.www.----Tests";
				PRODUCT_NAME = "$(TARGET_NAME)";
				TEST_HOST = "$(BUILT_PRODUCTS_DIR)/转场动画.app/转场动画";
			};
			name = Release;
		};
		39271E671E694E7300894C07 /* Debug */ = {
			isa = XCBuildConfiguration;
			buildSettings = {
				INFOPLIST_FILE = "转场动画UITests/Info.plist";
				LD_RUNPATH_SEARCH_PATHS = "$(inherited) @executable_path/Frameworks @loader_path/Frameworks";
				PRODUCT_BUNDLE_IDENTIFIER = "com.walg.www.----UITests";
				PRODUCT_NAME = "$(TARGET_NAME)";
				TEST_TARGET_NAME = "转场动画";
			};
			name = Debug;
		};
		39271E681E694E7300894C07 /* Release */ = {
			isa = XCBuildConfiguration;
			buildSettings = {
				INFOPLIST_FILE = "转场动画UITests/Info.plist";
				LD_RUNPATH_SEARCH_PATHS = "$(inherited) @executable_path/Frameworks @loader_path/Frameworks";
				PRODUCT_BUNDLE_IDENTIFIER = "com.walg.www.----UITests";
				PRODUCT_NAME = "$(TARGET_NAME)";
				TEST_TARGET_NAME = "转场动画";
			};
			name = Release;
		};
/* End XCBuildConfiguration section */

/* Begin XCConfigurationList section */
		39271E2E1E694E7300894C07 /* Build configuration list for PBXProject "转场动画" */ = {
			isa = XCConfigurationList;
			buildConfigurations = (
				39271E5E1E694E7300894C07 /* Debug */,
				39271E5F1E694E7300894C07 /* Release */,
			);
			defaultConfigurationIsVisible = 0;
			defaultConfigurationName = Release;
		};
		39271E601E694E7300894C07 /* Build configuration list for PBXNativeTarget "转场动画" */ = {
			isa = XCConfigurationList;
			buildConfigurations = (
				39271E611E694E7300894C07 /* Debug */,
				39271E621E694E7300894C07 /* Release */,
			);
			defaultConfigurationIsVisible = 0;
		};
		39271E631E694E7300894C07 /* Build configuration list for PBXNativeTarget "转场动画Tests" */ = {
			isa = XCConfigurationList;
			buildConfigurations = (
				39271E641E694E7300894C07 /* Debug */,
				39271E651E694E7300894C07 /* Release */,
			);
			defaultConfigurationIsVisible = 0;
		};
		39271E661E694E7300894C07 /* Build configuration list for PBXNativeTarget "转场动画UITests" */ = {
			isa = XCConfigurationList;
			buildConfigurations = (
				39271E671E694E7300894C07 /* Debug */,
				39271E681E694E7300894C07 /* Release */,
			);
			defaultConfigurationIsVisible = 0;
		};
/* End XCConfigurationList section */
	};
	rootObject = 39271E2B1E694E7300894C07 /* Project object */;
}
