// !$*UTF8*$!
{
	archiveVersion = 1;
	classes = {
	};
	objectVersion = 50;
	objects = {

/* Begin PBXBuildFile section */
		3901D64E264697C500F6CB37 /* AppDelegate.m in Sources */ = {isa = PBXBuildFile; fileRef = 3901D64D264697C500F6CB37 /* AppDelegate.m */; };
		3901D651264697C500F6CB37 /* SceneDelegate.m in Sources */ = {isa = PBXBuildFile; fileRef = 3901D650264697C500F6CB37 /* SceneDelegate.m */; };
		3901D657264697C500F6CB37 /* Main.storyboard in Resources */ = {isa = PBXBuildFile; fileRef = 3901D655264697C500F6CB37 /* Main.storyboard */; };
		3901D659264697C500F6CB37 /* Assets.xcassets in Resources */ = {isa = PBXBuildFile; fileRef = 3901D658264697C500F6CB37 /* Assets.xcassets */; };
		3901D65C264697C500F6CB37 /* LaunchScreen.storyboard in Resources */ = {isa = PBXBuildFile; fileRef = 3901D65A264697C500F6CB37 /* LaunchScreen.storyboard */; };
		3901D65F264697C500F6CB37 /* main.m in Sources */ = {isa = PBXBuildFile; fileRef = 3901D65E264697C500F6CB37 /* main.m */; };
		3901D78E2646A01400F6CB37 /* FlyFifteenController.m in Sources */ = {isa = PBXBuildFile; fileRef = 3901D71C2646A01400F6CB37 /* FlyFifteenController.m */; };
		3901D78F2646A01400F6CB37 /* FlyFifthController.m in Sources */ = {isa = PBXBuildFile; fileRef = 3901D71E2646A01400F6CB37 /* FlyFifthController.m */; };
		3901D7902646A01400F6CB37 /* FlySixthController.m in Sources */ = {isa = PBXBuildFile; fileRef = 3901D7222646A01400F6CB37 /* FlySixthController.m */; };
		3901D7912646A01400F6CB37 /* FlyThirteenController.m in Sources */ = {isa = PBXBuildFile; fileRef = 3901D7242646A01400F6CB37 /* FlyThirteenController.m */; };
		3901D7922646A01400F6CB37 /* FlyForthController.m in Sources */ = {isa = PBXBuildFile; fileRef = 3901D7282646A01400F6CB37 /* FlyForthController.m */; };
		3901D79A2646A01400F6CB37 /* FlySixteenController.m in Sources */ = {isa = PBXBuildFile; fileRef = 3901D73B2646A01400F6CB37 /* FlySixteenController.m */; };
		3901D7A42646A01400F6CB37 /* ViewController.m in Sources */ = {isa = PBXBuildFile; fileRef = 3901D7502646A01400F6CB37 /* ViewController.m */; };
		3901D7A52646A01400F6CB37 /* FlyThirdController.m in Sources */ = {isa = PBXBuildFile; fileRef = 3901D7532646A01400F6CB37 /* FlyThirdController.m */; };
		3901D7A82646A01400F6CB37 /* FlyBaseController.m in Sources */ = {isa = PBXBuildFile; fileRef = 3901D75A2646A01400F6CB37 /* FlyBaseController.m */; };
		3901D7A92646A01400F6CB37 /* FlySecondController.m in Sources */ = {isa = PBXBuildFile; fileRef = 3901D75E2646A01400F6CB37 /* FlySecondController.m */; };
		3901D7AA2646A01400F6CB37 /* FlyFourteenController.m in Sources */ = {isa = PBXBuildFile; fileRef = 3901D7612646A01400F6CB37 /* FlyFourteenController.m */; };
		3901D7AB2646A01400F6CB37 /* FlyTwelfthController.m in Sources */ = {isa = PBXBuildFile; fileRef = 3901D7642646A01400F6CB37 /* FlyTwelfthController.m */; };
		3901D7AD2646A01400F6CB37 /* FlyFirstController.m in Sources */ = {isa = PBXBuildFile; fileRef = 3901D76A2646A01400F6CB37 /* FlyFirstController.m */; };
		3901D7AE2646A01400F6CB37 /* FlySeventhController.m in Sources */ = {isa = PBXBuildFile; fileRef = 3901D76D2646A01400F6CB37 /* FlySeventhController.m */; };
		3901D7AF2646A01400F6CB37 /* 2.jpg in Resources */ = {isa = PBXBuildFile; fileRef = 3901D76F2646A01400F6CB37 /* 2.jpg */; };
		3901D7B02646A01400F6CB37 /* 3.jpg in Resources */ = {isa = PBXBuildFile; fileRef = 3901D7702646A01400F6CB37 /* 3.jpg */; };
		3901D7B12646A01400F6CB37 /* 1.jpg in Resources */ = {isa = PBXBuildFile; fileRef = 3901D7712646A01400F6CB37 /* 1.jpg */; };
		3901D7B22646A01400F6CB37 /* FlyEighthController.m in Sources */ = {isa = PBXBuildFile; fileRef = 3901D7732646A01400F6CB37 /* FlyEighthController.m */; };
		3901D7B42646A01400F6CB37 /* FlyEleventhController.m in Sources */ = {isa = PBXBuildFile; fileRef = 3901D77A2646A01400F6CB37 /* FlyEleventhController.m */; };
		3901D7B52646A01400F6CB37 /* FlyTenthController.m in Sources */ = {isa = PBXBuildFile; fileRef = 3901D77E2646A01400F6CB37 /* FlyTenthController.m */; };
		3901D7B92646A01400F6CB37 /* FlySeventeenController.m in Sources */ = {isa = PBXBuildFile; fileRef = 3901D7892646A01400F6CB37 /* FlySeventeenController.m */; };
		3901D7BA2646A01400F6CB37 /* FlyNinthController.m in Sources */ = {isa = PBXBuildFile; fileRef = 3901D78D2646A01400F6CB37 /* FlyNinthController.m */; };
		3901D7C72646A0C900F6CB37 /* SalDrawTool.m in Sources */ = {isa = PBXBuildFile; fileRef = 3901D7C32646A0C900F6CB37 /* SalDrawTool.m */; };
		3901D7C82646A0C900F6CB37 /* SalImageInfo.m in Sources */ = {isa = PBXBuildFile; fileRef = 3901D7C42646A0C900F6CB37 /* SalImageInfo.m */; };
		3901D7F62646A15A00F6CB37 /* NSObject+FlyKVO.m in Sources */ = {isa = PBXBuildFile; fileRef = 3901D7D02646A15A00F6CB37 /* NSObject+FlyKVO.m */; };
		3901D7F72646A15A00F6CB37 /* NSObject+LGKVO.m in Sources */ = {isa = PBXBuildFile; fileRef = 3901D7D12646A15A00F6CB37 /* NSObject+LGKVO.m */; };
		3901D7F82646A15A00F6CB37 /* Dog+Custom.m in Sources */ = {isa = PBXBuildFile; fileRef = 3901D7D62646A15A00F6CB37 /* Dog+Custom.m */; };
		3901D7F92646A15A00F6CB37 /* Person+Custom.m in Sources */ = {isa = PBXBuildFile; fileRef = 3901D7D72646A15A00F6CB37 /* Person+Custom.m */; };
		3901D7FA2646A15A00F6CB37 /* Person.m in Sources */ = {isa = PBXBuildFile; fileRef = 3901D7D92646A15A00F6CB37 /* Person.m */; };
		3901D7FB2646A15A00F6CB37 /* FlyRuntimeTool.m in Sources */ = {isa = PBXBuildFile; fileRef = 3901D7DA2646A15A00F6CB37 /* FlyRuntimeTool.m */; };
		3901D7FC2646A15A00F6CB37 /* Dog.m in Sources */ = {isa = PBXBuildFile; fileRef = 3901D7DB2646A15A00F6CB37 /* Dog.m */; };
		3901D8002646A15A00F6CB37 /* FlyRunloopTool.m in Sources */ = {isa = PBXBuildFile; fileRef = 3901D7E72646A15A00F6CB37 /* FlyRunloopTool.m */; };
		3901D8012646A15A00F6CB37 /* FlyPerformanceMonitor.m in Sources */ = {isa = PBXBuildFile; fileRef = 3901D7E82646A15A00F6CB37 /* FlyPerformanceMonitor.m */; };
		3901D8022646A15A00F6CB37 /* NSObject+FlyKVC.m in Sources */ = {isa = PBXBuildFile; fileRef = 3901D7EB2646A15A00F6CB37 /* NSObject+FlyKVC.m */; };
		3901D8042646A15A00F6CB37 /* FlyBaseView.m in Sources */ = {isa = PBXBuildFile; fileRef = 3901D7F02646A15A00F6CB37 /* FlyBaseView.m */; };
		3901D8052646A15A00F6CB37 /* FlyButton.m in Sources */ = {isa = PBXBuildFile; fileRef = 3901D7F12646A15A00F6CB37 /* FlyButton.m */; };
		3939CA262647E241005C76F4 /* SalCMethod.m in Sources */ = {isa = PBXBuildFile; fileRef = 3939CA252647E241005C76F4 /* SalCMethod.m */; };
		3939CA2A2647E34E005C76F4 /* SalStorageStream.m in Sources */ = {isa = PBXBuildFile; fileRef = 3939CA292647E34E005C76F4 /* SalStorageStream.m */; };
		3939CA352647F040005C76F4 /* FlyNode.m in Sources */ = {isa = PBXBuildFile; fileRef = 3939CA2D2647F040005C76F4 /* FlyNode.m */; };
		3939CA362647F040005C76F4 /* FlySort.m in Sources */ = {isa = PBXBuildFile; fileRef = 3939CA2E2647F040005C76F4 /* FlySort.m */; };
		3939CA372647F040005C76F4 /* SalScreenShotTool.m in Sources */ = {isa = PBXBuildFile; fileRef = 3939CA312647F040005C76F4 /* SalScreenShotTool.m */; };
		3939CA382647F040005C76F4 /* SalConverVideoTool.m in Sources */ = {isa = PBXBuildFile; fileRef = 3939CA342647F040005C76F4 /* SalConverVideoTool.m */; };
/* End PBXBuildFile section */

/* Begin PBXFileReference section */
		3901D649264697C500F6CB37 /* PerformanceCollect.app */ = {isa = PBXFileReference; explicitFileType = wrapper.application; includeInIndex = 0; path = PerformanceCollect.app; sourceTree = BUILT_PRODUCTS_DIR; };
		3901D64C264697C500F6CB37 /* AppDelegate.h */ = {isa = PBXFileReference; lastKnownFileType = sourcecode.c.h; path = AppDelegate.h; sourceTree = "<group>"; };
		3901D64D264697C500F6CB37 /* AppDelegate.m */ = {isa = PBXFileReference; lastKnownFileType = sourcecode.c.objc; path = AppDelegate.m; sourceTree = "<group>"; };
		3901D64F264697C500F6CB37 /* SceneDelegate.h */ = {isa = PBXFileReference; lastKnownFileType = sourcecode.c.h; path = SceneDelegate.h; sourceTree = "<group>"; };
		3901D650264697C500F6CB37 /* SceneDelegate.m */ = {isa = PBXFileReference; lastKnownFileType = sourcecode.c.objc; path = SceneDelegate.m; sourceTree = "<group>"; };
		3901D656264697C500F6CB37 /* Base */ = {isa = PBXFileReference; lastKnownFileType = file.storyboard; name = Base; path = Base.lproj/Main.storyboard; sourceTree = "<group>"; };
		3901D658264697C500F6CB37 /* Assets.xcassets */ = {isa = PBXFileReference; lastKnownFileType = folder.assetcatalog; path = Assets.xcassets; sourceTree = "<group>"; };
		3901D65B264697C500F6CB37 /* Base */ = {isa = PBXFileReference; lastKnownFileType = file.storyboard; name = Base; path = Base.lproj/LaunchScreen.storyboard; sourceTree = "<group>"; };
		3901D65D264697C500F6CB37 /* Info.plist */ = {isa = PBXFileReference; lastKnownFileType = text.plist.xml; path = Info.plist; sourceTree = "<group>"; };
		3901D65E264697C500F6CB37 /* main.m */ = {isa = PBXFileReference; lastKnownFileType = sourcecode.c.objc; path = main.m; sourceTree = "<group>"; };
		3901D71B2646A01400F6CB37 /* FlyFifteenController.h */ = {isa = PBXFileReference; fileEncoding = 4; lastKnownFileType = sourcecode.c.h; path = FlyFifteenController.h; sourceTree = "<group>"; };
		3901D71C2646A01400F6CB37 /* FlyFifteenController.m */ = {isa = PBXFileReference; fileEncoding = 4; lastKnownFileType = sourcecode.c.objc; path = FlyFifteenController.m; sourceTree = "<group>"; };
		3901D71E2646A01400F6CB37 /* FlyFifthController.m */ = {isa = PBXFileReference; fileEncoding = 4; lastKnownFileType = sourcecode.c.objc; path = FlyFifthController.m; sourceTree = "<group>"; };
		3901D71F2646A01400F6CB37 /* FlyFifthController.h */ = {isa = PBXFileReference; fileEncoding = 4; lastKnownFileType = sourcecode.c.h; path = FlyFifthController.h; sourceTree = "<group>"; };
		3901D7212646A01400F6CB37 /* FlySixthController.h */ = {isa = PBXFileReference; fileEncoding = 4; lastKnownFileType = sourcecode.c.h; path = FlySixthController.h; sourceTree = "<group>"; };
		3901D7222646A01400F6CB37 /* FlySixthController.m */ = {isa = PBXFileReference; fileEncoding = 4; lastKnownFileType = sourcecode.c.objc; path = FlySixthController.m; sourceTree = "<group>"; };
		3901D7242646A01400F6CB37 /* FlyThirteenController.m */ = {isa = PBXFileReference; fileEncoding = 4; lastKnownFileType = sourcecode.c.objc; path = FlyThirteenController.m; sourceTree = "<group>"; };
		3901D7252646A01400F6CB37 /* FlyThirteenController.h */ = {isa = PBXFileReference; fileEncoding = 4; lastKnownFileType = sourcecode.c.h; path = FlyThirteenController.h; sourceTree = "<group>"; };
		3901D7272646A01400F6CB37 /* FlyForthController.h */ = {isa = PBXFileReference; fileEncoding = 4; lastKnownFileType = sourcecode.c.h; path = FlyForthController.h; sourceTree = "<group>"; };
		3901D7282646A01400F6CB37 /* FlyForthController.m */ = {isa = PBXFileReference; fileEncoding = 4; lastKnownFileType = sourcecode.c.objc; path = FlyForthController.m; sourceTree = "<group>"; };
		3901D73A2646A01400F6CB37 /* FlySixteenController.h */ = {isa = PBXFileReference; fileEncoding = 4; lastKnownFileType = sourcecode.c.h; path = FlySixteenController.h; sourceTree = "<group>"; };
		3901D73B2646A01400F6CB37 /* FlySixteenController.m */ = {isa = PBXFileReference; fileEncoding = 4; lastKnownFileType = sourcecode.c.objc; path = FlySixteenController.m; sourceTree = "<group>"; };
		3901D7502646A01400F6CB37 /* ViewController.m */ = {isa = PBXFileReference; fileEncoding = 4; lastKnownFileType = sourcecode.c.objc; path = ViewController.m; sourceTree = "<group>"; };
		3901D7522646A01400F6CB37 /* FlyThirdController.h */ = {isa = PBXFileReference; fileEncoding = 4; lastKnownFileType = sourcecode.c.h; path = FlyThirdController.h; sourceTree = "<group>"; };
		3901D7532646A01400F6CB37 /* FlyThirdController.m */ = {isa = PBXFileReference; fileEncoding = 4; lastKnownFileType = sourcecode.c.objc; path = FlyThirdController.m; sourceTree = "<group>"; };
		3901D75A2646A01400F6CB37 /* FlyBaseController.m */ = {isa = PBXFileReference; fileEncoding = 4; lastKnownFileType = sourcecode.c.objc; path = FlyBaseController.m; sourceTree = "<group>"; };
		3901D75B2646A01400F6CB37 /* FlyBaseController.h */ = {isa = PBXFileReference; fileEncoding = 4; lastKnownFileType = sourcecode.c.h; path = FlyBaseController.h; sourceTree = "<group>"; };
		3901D75D2646A01400F6CB37 /* FlySecondController.h */ = {isa = PBXFileReference; fileEncoding = 4; lastKnownFileType = sourcecode.c.h; path = FlySecondController.h; sourceTree = "<group>"; };
		3901D75E2646A01400F6CB37 /* FlySecondController.m */ = {isa = PBXFileReference; fileEncoding = 4; lastKnownFileType = sourcecode.c.objc; path = FlySecondController.m; sourceTree = "<group>"; };
		3901D7602646A01400F6CB37 /* FlyFourteenController.h */ = {isa = PBXFileReference; fileEncoding = 4; lastKnownFileType = sourcecode.c.h; path = FlyFourteenController.h; sourceTree = "<group>"; };
		3901D7612646A01400F6CB37 /* FlyFourteenController.m */ = {isa = PBXFileReference; fileEncoding = 4; lastKnownFileType = sourcecode.c.objc; path = FlyFourteenController.m; sourceTree = "<group>"; };
		3901D7632646A01400F6CB37 /* FlyTwelfthController.h */ = {isa = PBXFileReference; fileEncoding = 4; lastKnownFileType = sourcecode.c.h; path = FlyTwelfthController.h; sourceTree = "<group>"; };
		3901D7642646A01400F6CB37 /* FlyTwelfthController.m */ = {isa = PBXFileReference; fileEncoding = 4; lastKnownFileType = sourcecode.c.objc; path = FlyTwelfthController.m; sourceTree = "<group>"; };
		3901D7692646A01400F6CB37 /* FlyFirstController.h */ = {isa = PBXFileReference; fileEncoding = 4; lastKnownFileType = sourcecode.c.h; path = FlyFirstController.h; sourceTree = "<group>"; };
		3901D76A2646A01400F6CB37 /* FlyFirstController.m */ = {isa = PBXFileReference; fileEncoding = 4; lastKnownFileType = sourcecode.c.objc; path = FlyFirstController.m; sourceTree = "<group>"; };
		3901D76C2646A01400F6CB37 /* FlySeventhController.h */ = {isa = PBXFileReference; fileEncoding = 4; lastKnownFileType = sourcecode.c.h; path = FlySeventhController.h; sourceTree = "<group>"; };
		3901D76D2646A01400F6CB37 /* FlySeventhController.m */ = {isa = PBXFileReference; fileEncoding = 4; lastKnownFileType = sourcecode.c.objc; path = FlySeventhController.m; sourceTree = "<group>"; };
		3901D76F2646A01400F6CB37 /* 2.jpg */ = {isa = PBXFileReference; lastKnownFileType = image.jpeg; path = 2.jpg; sourceTree = "<group>"; };
		3901D7702646A01400F6CB37 /* 3.jpg */ = {isa = PBXFileReference; lastKnownFileType = image.jpeg; path = 3.jpg; sourceTree = "<group>"; };
		3901D7712646A01400F6CB37 /* 1.jpg */ = {isa = PBXFileReference; lastKnownFileType = image.jpeg; path = 1.jpg; sourceTree = "<group>"; };
		3901D7732646A01400F6CB37 /* FlyEighthController.m */ = {isa = PBXFileReference; fileEncoding = 4; lastKnownFileType = sourcecode.c.objc; path = FlyEighthController.m; sourceTree = "<group>"; };
		3901D7742646A01400F6CB37 /* FlyEighthController.h */ = {isa = PBXFileReference; fileEncoding = 4; lastKnownFileType = sourcecode.c.h; path = FlyEighthController.h; sourceTree = "<group>"; };
		3901D7792646A01400F6CB37 /* FlyEleventhController.h */ = {isa = PBXFileReference; fileEncoding = 4; lastKnownFileType = sourcecode.c.h; path = FlyEleventhController.h; sourceTree = "<group>"; };
		3901D77A2646A01400F6CB37 /* FlyEleventhController.m */ = {isa = PBXFileReference; fileEncoding = 4; lastKnownFileType = sourcecode.c.objc; path = FlyEleventhController.m; sourceTree = "<group>"; };
		3901D77B2646A01400F6CB37 /* PrefixHeader.pch */ = {isa = PBXFileReference; fileEncoding = 4; lastKnownFileType = sourcecode.c.h; path = PrefixHeader.pch; sourceTree = "<group>"; };
		3901D77D2646A01400F6CB37 /* FlyTenthController.h */ = {isa = PBXFileReference; fileEncoding = 4; lastKnownFileType = sourcecode.c.h; path = FlyTenthController.h; sourceTree = "<group>"; };
		3901D77E2646A01400F6CB37 /* FlyTenthController.m */ = {isa = PBXFileReference; fileEncoding = 4; lastKnownFileType = sourcecode.c.objc; path = FlyTenthController.m; sourceTree = "<group>"; };
		3901D7872646A01400F6CB37 /* ViewController.h */ = {isa = PBXFileReference; fileEncoding = 4; lastKnownFileType = sourcecode.c.h; path = ViewController.h; sourceTree = "<group>"; };
		3901D7892646A01400F6CB37 /* FlySeventeenController.m */ = {isa = PBXFileReference; fileEncoding = 4; lastKnownFileType = sourcecode.c.objc; path = FlySeventeenController.m; sourceTree = "<group>"; };
		3901D78A2646A01400F6CB37 /* FlySeventeenController.h */ = {isa = PBXFileReference; fileEncoding = 4; lastKnownFileType = sourcecode.c.h; path = FlySeventeenController.h; sourceTree = "<group>"; };
		3901D78C2646A01400F6CB37 /* FlyNinthController.h */ = {isa = PBXFileReference; fileEncoding = 4; lastKnownFileType = sourcecode.c.h; path = FlyNinthController.h; sourceTree = "<group>"; };
		3901D78D2646A01400F6CB37 /* FlyNinthController.m */ = {isa = PBXFileReference; fileEncoding = 4; lastKnownFileType = sourcecode.c.objc; path = FlyNinthController.m; sourceTree = "<group>"; };
		3901D7BE2646A0C900F6CB37 /* SalDrawTool.h */ = {isa = PBXFileReference; fileEncoding = 4; lastKnownFileType = sourcecode.c.h; path = SalDrawTool.h; sourceTree = "<group>"; };
		3901D7C02646A0C900F6CB37 /* SalImageInfo.h */ = {isa = PBXFileReference; fileEncoding = 4; lastKnownFileType = sourcecode.c.h; path = SalImageInfo.h; sourceTree = "<group>"; };
		3901D7C32646A0C900F6CB37 /* SalDrawTool.m */ = {isa = PBXFileReference; fileEncoding = 4; lastKnownFileType = sourcecode.c.objc; path = SalDrawTool.m; sourceTree = "<group>"; };
		3901D7C42646A0C900F6CB37 /* SalImageInfo.m */ = {isa = PBXFileReference; fileEncoding = 4; lastKnownFileType = sourcecode.c.objc; path = SalImageInfo.m; sourceTree = "<group>"; };
		3901D7CF2646A15A00F6CB37 /* NSObject+LGKVO.h */ = {isa = PBXFileReference; fileEncoding = 4; lastKnownFileType = sourcecode.c.h; path = "NSObject+LGKVO.h"; sourceTree = "<group>"; };
		3901D7D02646A15A00F6CB37 /* NSObject+FlyKVO.m */ = {isa = PBXFileReference; fileEncoding = 4; lastKnownFileType = sourcecode.c.objc; path = "NSObject+FlyKVO.m"; sourceTree = "<group>"; };
		3901D7D12646A15A00F6CB37 /* NSObject+LGKVO.m */ = {isa = PBXFileReference; fileEncoding = 4; lastKnownFileType = sourcecode.c.objc; path = "NSObject+LGKVO.m"; sourceTree = "<group>"; };
		3901D7D22646A15A00F6CB37 /* NSObject+FlyKVO.h */ = {isa = PBXFileReference; fileEncoding = 4; lastKnownFileType = sourcecode.c.h; path = "NSObject+FlyKVO.h"; sourceTree = "<group>"; };
		3901D7D42646A15A00F6CB37 /* Person.h */ = {isa = PBXFileReference; fileEncoding = 4; lastKnownFileType = sourcecode.c.h; path = Person.h; sourceTree = "<group>"; };
		3901D7D52646A15A00F6CB37 /* FlyRuntimeTool.h */ = {isa = PBXFileReference; fileEncoding = 4; lastKnownFileType = sourcecode.c.h; path = FlyRuntimeTool.h; sourceTree = "<group>"; };
		3901D7D62646A15A00F6CB37 /* Dog+Custom.m */ = {isa = PBXFileReference; fileEncoding = 4; lastKnownFileType = sourcecode.c.objc; path = "Dog+Custom.m"; sourceTree = "<group>"; };
		3901D7D72646A15A00F6CB37 /* Person+Custom.m */ = {isa = PBXFileReference; fileEncoding = 4; lastKnownFileType = sourcecode.c.objc; path = "Person+Custom.m"; sourceTree = "<group>"; };
		3901D7D82646A15A00F6CB37 /* Dog.h */ = {isa = PBXFileReference; fileEncoding = 4; lastKnownFileType = sourcecode.c.h; path = Dog.h; sourceTree = "<group>"; };
		3901D7D92646A15A00F6CB37 /* Person.m */ = {isa = PBXFileReference; fileEncoding = 4; lastKnownFileType = sourcecode.c.objc; path = Person.m; sourceTree = "<group>"; };
		3901D7DA2646A15A00F6CB37 /* FlyRuntimeTool.m */ = {isa = PBXFileReference; fileEncoding = 4; lastKnownFileType = sourcecode.c.objc; path = FlyRuntimeTool.m; sourceTree = "<group>"; };
		3901D7DB2646A15A00F6CB37 /* Dog.m */ = {isa = PBXFileReference; fileEncoding = 4; lastKnownFileType = sourcecode.c.objc; path = Dog.m; sourceTree = "<group>"; };
		3901D7DC2646A15A00F6CB37 /* Person+Custom.h */ = {isa = PBXFileReference; fileEncoding = 4; lastKnownFileType = sourcecode.c.h; path = "Person+Custom.h"; sourceTree = "<group>"; };
		3901D7DD2646A15A00F6CB37 /* Dog+Custom.h */ = {isa = PBXFileReference; fileEncoding = 4; lastKnownFileType = sourcecode.c.h; path = "Dog+Custom.h"; sourceTree = "<group>"; };
		3901D7E42646A15A00F6CB37 /* FlyRunloopTool.h */ = {isa = PBXFileReference; fileEncoding = 4; lastKnownFileType = sourcecode.c.h; path = FlyRunloopTool.h; sourceTree = "<group>"; };
		3901D7E52646A15A00F6CB37 /* FlyPerformanceMonitor.h */ = {isa = PBXFileReference; fileEncoding = 4; lastKnownFileType = sourcecode.c.h; path = FlyPerformanceMonitor.h; sourceTree = "<group>"; };
		3901D7E72646A15A00F6CB37 /* FlyRunloopTool.m */ = {isa = PBXFileReference; fileEncoding = 4; lastKnownFileType = sourcecode.c.objc; path = FlyRunloopTool.m; sourceTree = "<group>"; };
		3901D7E82646A15A00F6CB37 /* FlyPerformanceMonitor.m */ = {isa = PBXFileReference; fileEncoding = 4; lastKnownFileType = sourcecode.c.objc; path = FlyPerformanceMonitor.m; sourceTree = "<group>"; };
		3901D7EA2646A15A00F6CB37 /* NSObject+FlyKVC.h */ = {isa = PBXFileReference; fileEncoding = 4; lastKnownFileType = sourcecode.c.h; path = "NSObject+FlyKVC.h"; sourceTree = "<group>"; };
		3901D7EB2646A15A00F6CB37 /* NSObject+FlyKVC.m */ = {isa = PBXFileReference; fileEncoding = 4; lastKnownFileType = sourcecode.c.objc; path = "NSObject+FlyKVC.m"; sourceTree = "<group>"; };
		3901D7F02646A15A00F6CB37 /* FlyBaseView.m */ = {isa = PBXFileReference; fileEncoding = 4; lastKnownFileType = sourcecode.c.objc; path = FlyBaseView.m; sourceTree = "<group>"; };
		3901D7F12646A15A00F6CB37 /* FlyButton.m */ = {isa = PBXFileReference; fileEncoding = 4; lastKnownFileType = sourcecode.c.objc; path = FlyButton.m; sourceTree = "<group>"; };
		3901D7F22646A15A00F6CB37 /* FlyBaseView.h */ = {isa = PBXFileReference; fileEncoding = 4; lastKnownFileType = sourcecode.c.h; path = FlyBaseView.h; sourceTree = "<group>"; };
		3901D7F32646A15A00F6CB37 /* FlyButton.h */ = {isa = PBXFileReference; fileEncoding = 4; lastKnownFileType = sourcecode.c.h; path = FlyButton.h; sourceTree = "<group>"; };
		3939CA242647E241005C76F4 /* SalCMethod.h */ = {isa = PBXFileReference; fileEncoding = 4; lastKnownFileType = sourcecode.c.h; path = SalCMethod.h; sourceTree = "<group>"; };
		3939CA252647E241005C76F4 /* SalCMethod.m */ = {isa = PBXFileReference; fileEncoding = 4; lastKnownFileType = sourcecode.c.objc; path = SalCMethod.m; sourceTree = "<group>"; };
		3939CA282647E34E005C76F4 /* SalStorageStream.h */ = {isa = PBXFileReference; fileEncoding = 4; lastKnownFileType = sourcecode.c.h; path = SalStorageStream.h; sourceTree = "<group>"; };
		3939CA292647E34E005C76F4 /* SalStorageStream.m */ = {isa = PBXFileReference; fileEncoding = 4; lastKnownFileType = sourcecode.c.objc; path = SalStorageStream.m; sourceTree = "<group>"; };
		3939CA2C2647F040005C76F4 /* FlySort.h */ = {isa = PBXFileReference; fileEncoding = 4; lastKnownFileType = sourcecode.c.h; path = FlySort.h; sourceTree = "<group>"; };
		3939CA2D2647F040005C76F4 /* FlyNode.m */ = {isa = PBXFileReference; fileEncoding = 4; lastKnownFileType = sourcecode.c.objc; path = FlyNode.m; sourceTree = "<group>"; };
		3939CA2E2647F040005C76F4 /* FlySort.m */ = {isa = PBXFileReference; fileEncoding = 4; lastKnownFileType = sourcecode.c.objc; path = FlySort.m; sourceTree = "<group>"; };
		3939CA2F2647F040005C76F4 /* FlyNode.h */ = {isa = PBXFileReference; fileEncoding = 4; lastKnownFileType = sourcecode.c.h; path = FlyNode.h; sourceTree = "<group>"; };
		3939CA312647F040005C76F4 /* SalScreenShotTool.m */ = {isa = PBXFileReference; fileEncoding = 4; lastKnownFileType = sourcecode.c.objc; path = SalScreenShotTool.m; sourceTree = "<group>"; };
		3939CA322647F040005C76F4 /* SalConverVideoTool.h */ = {isa = PBXFileReference; fileEncoding = 4; lastKnownFileType = sourcecode.c.h; path = SalConverVideoTool.h; sourceTree = "<group>"; };
		3939CA332647F040005C76F4 /* SalScreenShotTool.h */ = {isa = PBXFileReference; fileEncoding = 4; lastKnownFileType = sourcecode.c.h; path = SalScreenShotTool.h; sourceTree = "<group>"; };
		3939CA342647F040005C76F4 /* SalConverVideoTool.m */ = {isa = PBXFileReference; fileEncoding = 4; lastKnownFileType = sourcecode.c.objc; path = SalConverVideoTool.m; sourceTree = "<group>"; };
/* End PBXFileReference section */

/* Begin PBXFrameworksBuildPhase section */
		3901D646264697C500F6CB37 /* Frameworks */ = {
			isa = PBXFrameworksBuildPhase;
			buildActionMask = 2147483647;
			files = (
			);
			runOnlyForDeploymentPostprocessing = 0;
		};
/* End PBXFrameworksBuildPhase section */

/* Begin PBXGroup section */
		3901D640264697C500F6CB37 = {
			isa = PBXGroup;
			children = (
				3901D64B264697C500F6CB37 /* PerformanceCollect */,
				3901D64A264697C500F6CB37 /* Products */,
			);
			sourceTree = "<group>";
		};
		3901D64A264697C500F6CB37 /* Products */ = {
			isa = PBXGroup;
			children = (
				3901D649264697C500F6CB37 /* PerformanceCollect.app */,
			);
			name = Products;
			sourceTree = "<group>";
		};
		3901D64B264697C500F6CB37 /* PerformanceCollect */ = {
			isa = PBXGroup;
			children = (
				3901D7192646A01400F6CB37 /* 测试项目 */,
				3901D64C264697C500F6CB37 /* AppDelegate.h */,
				3901D64D264697C500F6CB37 /* AppDelegate.m */,
				3901D64F264697C500F6CB37 /* SceneDelegate.h */,
				3901D650264697C500F6CB37 /* SceneDelegate.m */,
				3901D655264697C500F6CB37 /* Main.storyboard */,
				3901D658264697C500F6CB37 /* Assets.xcassets */,
				3901D65A264697C500F6CB37 /* LaunchScreen.storyboard */,
				3901D65D264697C500F6CB37 /* Info.plist */,
				3901D65E264697C500F6CB37 /* main.m */,
			);
			path = PerformanceCollect;
			sourceTree = "<group>";
		};
		3901D7192646A01400F6CB37 /* 测试项目 */ = {
			isa = PBXGroup;
			children = (
				3901D77B2646A01400F6CB37 /* PrefixHeader.pch */,
				3901D7872646A01400F6CB37 /* ViewController.h */,
				3901D7502646A01400F6CB37 /* ViewController.m */,
				3901D7592646A01400F6CB37 /* 0、BaseVC */,
				3901D7682646A01400F6CB37 /* 1、没想好 */,
				3901D75C2646A01400F6CB37 /* 2、链表 */,
				3901D7512646A01400F6CB37 /* 3、排序算法 */,
				3901D7262646A01400F6CB37 /* 4、锁+多线程 */,
				3901D71D2646A01400F6CB37 /* 5、View控件 */,
				3901D7202646A01400F6CB37 /* 6、黑科技 */,
				3901D76B2646A01400F6CB37 /* 7、通知 */,
				3901D7722646A01400F6CB37 /* 8、runtime */,
				3901D78B2646A01400F6CB37 /* 9、runloop */,
				3901D77C2646A01400F6CB37 /* 10、重写KVO */,
				3901D7782646A01400F6CB37 /* 11、沙盒深入理解 */,
				3901D7622646A01400F6CB37 /* 12、绘制 */,
				3901D7232646A01400F6CB37 /* 13、类簇 */,
				3901D75F2646A01400F6CB37 /* 14、Block */,
				3901D71A2646A01400F6CB37 /* 15、消息转发 */,
				3901D7392646A01400F6CB37 /* 16、计时器 */,
				3901D7882646A01400F6CB37 /* 17、布局 */,
				3901D76E2646A01400F6CB37 /* 资源 */,
				3901D7BB2646A0C900F6CB37 /* PublicCode */,
			);
			path = "测试项目";
			sourceTree = "<group>";
		};
		3901D71A2646A01400F6CB37 /* 15、消息转发 */ = {
			isa = PBXGroup;
			children = (
				3901D71B2646A01400F6CB37 /* FlyFifteenController.h */,
				3901D71C2646A01400F6CB37 /* FlyFifteenController.m */,
			);
			path = "15、消息转发";
			sourceTree = "<group>";
		};
		3901D71D2646A01400F6CB37 /* 5、View控件 */ = {
			isa = PBXGroup;
			children = (
				3901D71E2646A01400F6CB37 /* FlyFifthController.m */,
				3901D71F2646A01400F6CB37 /* FlyFifthController.h */,
			);
			path = "5、View控件";
			sourceTree = "<group>";
		};
		3901D7202646A01400F6CB37 /* 6、黑科技 */ = {
			isa = PBXGroup;
			children = (
				3901D7212646A01400F6CB37 /* FlySixthController.h */,
				3901D7222646A01400F6CB37 /* FlySixthController.m */,
			);
			path = "6、黑科技";
			sourceTree = "<group>";
		};
		3901D7232646A01400F6CB37 /* 13、类簇 */ = {
			isa = PBXGroup;
			children = (
				3901D7242646A01400F6CB37 /* FlyThirteenController.m */,
				3901D7252646A01400F6CB37 /* FlyThirteenController.h */,
			);
			path = "13、类簇";
			sourceTree = "<group>";
		};
		3901D7262646A01400F6CB37 /* 4、锁+多线程 */ = {
			isa = PBXGroup;
			children = (
				3901D7272646A01400F6CB37 /* FlyForthController.h */,
				3901D7282646A01400F6CB37 /* FlyForthController.m */,
			);
			path = "4、锁+多线程";
			sourceTree = "<group>";
		};
		3901D7392646A01400F6CB37 /* 16、计时器 */ = {
			isa = PBXGroup;
			children = (
				3901D73A2646A01400F6CB37 /* FlySixteenController.h */,
				3901D73B2646A01400F6CB37 /* FlySixteenController.m */,
			);
			path = "16、计时器";
			sourceTree = "<group>";
		};
		3901D7512646A01400F6CB37 /* 3、排序算法 */ = {
			isa = PBXGroup;
			children = (
				3901D7522646A01400F6CB37 /* FlyThirdController.h */,
				3901D7532646A01400F6CB37 /* FlyThirdController.m */,
			);
			path = "3、排序算法";
			sourceTree = "<group>";
		};
		3901D7592646A01400F6CB37 /* 0、BaseVC */ = {
			isa = PBXGroup;
			children = (
				3901D75A2646A01400F6CB37 /* FlyBaseController.m */,
				3901D75B2646A01400F6CB37 /* FlyBaseController.h */,
			);
			path = "0、BaseVC";
			sourceTree = "<group>";
		};
		3901D75C2646A01400F6CB37 /* 2、链表 */ = {
			isa = PBXGroup;
			children = (
				3901D75D2646A01400F6CB37 /* FlySecondController.h */,
				3901D75E2646A01400F6CB37 /* FlySecondController.m */,
			);
			path = "2、链表";
			sourceTree = "<group>";
		};
		3901D75F2646A01400F6CB37 /* 14、Block */ = {
			isa = PBXGroup;
			children = (
				3901D7602646A01400F6CB37 /* FlyFourteenController.h */,
				3901D7612646A01400F6CB37 /* FlyFourteenController.m */,
			);
			path = "14、Block";
			sourceTree = "<group>";
		};
		3901D7622646A01400F6CB37 /* 12、绘制 */ = {
			isa = PBXGroup;
			children = (
				3901D7632646A01400F6CB37 /* FlyTwelfthController.h */,
				3901D7642646A01400F6CB37 /* FlyTwelfthController.m */,
			);
			path = "12、绘制";
			sourceTree = "<group>";
		};
		3901D7682646A01400F6CB37 /* 1、没想好 */ = {
			isa = PBXGroup;
			children = (
				3901D7692646A01400F6CB37 /* FlyFirstController.h */,
				3901D76A2646A01400F6CB37 /* FlyFirstController.m */,
			);
			path = "1、没想好";
			sourceTree = "<group>";
		};
		3901D76B2646A01400F6CB37 /* 7、通知 */ = {
			isa = PBXGroup;
			children = (
				3901D76C2646A01400F6CB37 /* FlySeventhController.h */,
				3901D76D2646A01400F6CB37 /* FlySeventhController.m */,
			);
			path = "7、通知";
			sourceTree = "<group>";
		};
		3901D76E2646A01400F6CB37 /* 资源 */ = {
			isa = PBXGroup;
			children = (
				3901D76F2646A01400F6CB37 /* 2.jpg */,
				3901D7702646A01400F6CB37 /* 3.jpg */,
				3901D7712646A01400F6CB37 /* 1.jpg */,
			);
			path = "资源";
			sourceTree = "<group>";
		};
		3901D7722646A01400F6CB37 /* 8、runtime */ = {
			isa = PBXGroup;
			children = (
				3901D7732646A01400F6CB37 /* FlyEighthController.m */,
				3901D7742646A01400F6CB37 /* FlyEighthController.h */,
			);
			path = "8、runtime";
			sourceTree = "<group>";
		};
		3901D7782646A01400F6CB37 /* 11、沙盒深入理解 */ = {
			isa = PBXGroup;
			children = (
				3901D7792646A01400F6CB37 /* FlyEleventhController.h */,
				3901D77A2646A01400F6CB37 /* FlyEleventhController.m */,
			);
			path = "11、沙盒深入理解";
			sourceTree = "<group>";
		};
		3901D77C2646A01400F6CB37 /* 10、重写KVO */ = {
			isa = PBXGroup;
			children = (
				3901D77D2646A01400F6CB37 /* FlyTenthController.h */,
				3901D77E2646A01400F6CB37 /* FlyTenthController.m */,
			);
			path = "10、重写KVO";
			sourceTree = "<group>";
		};
		3901D7882646A01400F6CB37 /* 17、布局 */ = {
			isa = PBXGroup;
			children = (
				3901D7892646A01400F6CB37 /* FlySeventeenController.m */,
				3901D78A2646A01400F6CB37 /* FlySeventeenController.h */,
			);
			path = "17、布局";
			sourceTree = "<group>";
		};
		3901D78B2646A01400F6CB37 /* 9、runloop */ = {
			isa = PBXGroup;
			children = (
				3901D78C2646A01400F6CB37 /* FlyNinthController.h */,
				3901D78D2646A01400F6CB37 /* FlyNinthController.m */,
			);
			path = "9、runloop";
			sourceTree = "<group>";
		};
		3901D7BB2646A0C900F6CB37 /* PublicCode */ = {
			isa = PBXGroup;
			children = (
				3939CA302647F040005C76F4 /* Screen */,
				3939CA2B2647F040005C76F4 /* Sort&List */,
				3939CA272647E34E005C76F4 /* StorageStream */,
				3939CA232647E241005C76F4 /* CFunc */,
				3901D7E92646A15A00F6CB37 /* KVC */,
				3901D7CE2646A15A00F6CB37 /* KVO */,
				3901D7E32646A15A00F6CB37 /* Runloop */,
				3901D7D32646A15A00F6CB37 /* Runtime */,
				3901D7EF2646A15A00F6CB37 /* Views */,
				3901D7BC2646A0C900F6CB37 /* Draw */,
			);
			name = PublicCode;
			path = ../../../PublicCode;
			sourceTree = "<group>";
		};
		3901D7BC2646A0C900F6CB37 /* Draw */ = {
			isa = PBXGroup;
			children = (
				3901D7BE2646A0C900F6CB37 /* SalDrawTool.h */,
				3901D7C32646A0C900F6CB37 /* SalDrawTool.m */,
				3901D7C02646A0C900F6CB37 /* SalImageInfo.h */,
				3901D7C42646A0C900F6CB37 /* SalImageInfo.m */,
			);
			path = Draw;
			sourceTree = "<group>";
		};
		3901D7CE2646A15A00F6CB37 /* KVO */ = {
			isa = PBXGroup;
			children = (
				3901D7D22646A15A00F6CB37 /* NSObject+FlyKVO.h */,
				3901D7D02646A15A00F6CB37 /* NSObject+FlyKVO.m */,
				3901D7CF2646A15A00F6CB37 /* NSObject+LGKVO.h */,
				3901D7D12646A15A00F6CB37 /* NSObject+LGKVO.m */,
			);
			path = KVO;
			sourceTree = "<group>";
		};
		3901D7D32646A15A00F6CB37 /* Runtime */ = {
			isa = PBXGroup;
			children = (
				3901D7D82646A15A00F6CB37 /* Dog.h */,
				3901D7DB2646A15A00F6CB37 /* Dog.m */,
				3901D7DD2646A15A00F6CB37 /* Dog+Custom.h */,
				3901D7D62646A15A00F6CB37 /* Dog+Custom.m */,
				3901D7D52646A15A00F6CB37 /* FlyRuntimeTool.h */,
				3901D7DA2646A15A00F6CB37 /* FlyRuntimeTool.m */,
				3901D7D42646A15A00F6CB37 /* Person.h */,
				3901D7D92646A15A00F6CB37 /* Person.m */,
				3901D7DC2646A15A00F6CB37 /* Person+Custom.h */,
				3901D7D72646A15A00F6CB37 /* Person+Custom.m */,
			);
			path = Runtime;
			sourceTree = "<group>";
		};
		3901D7E32646A15A00F6CB37 /* Runloop */ = {
			isa = PBXGroup;
			children = (
				3901D7E52646A15A00F6CB37 /* FlyPerformanceMonitor.h */,
				3901D7E82646A15A00F6CB37 /* FlyPerformanceMonitor.m */,
				3901D7E42646A15A00F6CB37 /* FlyRunloopTool.h */,
				3901D7E72646A15A00F6CB37 /* FlyRunloopTool.m */,
			);
			path = Runloop;
			sourceTree = "<group>";
		};
		3901D7E92646A15A00F6CB37 /* KVC */ = {
			isa = PBXGroup;
			children = (
				3901D7EA2646A15A00F6CB37 /* NSObject+FlyKVC.h */,
				3901D7EB2646A15A00F6CB37 /* NSObject+FlyKVC.m */,
			);
			path = KVC;
			sourceTree = "<group>";
		};
		3901D7EF2646A15A00F6CB37 /* Views */ = {
			isa = PBXGroup;
			children = (
				3901D7F22646A15A00F6CB37 /* FlyBaseView.h */,
				3901D7F02646A15A00F6CB37 /* FlyBaseView.m */,
				3901D7F32646A15A00F6CB37 /* FlyButton.h */,
				3901D7F12646A15A00F6CB37 /* FlyButton.m */,
			);
			path = Views;
			sourceTree = "<group>";
		};
		3939CA232647E241005C76F4 /* CFunc */ = {
			isa = PBXGroup;
			children = (
				3939CA242647E241005C76F4 /* SalCMethod.h */,
				3939CA252647E241005C76F4 /* SalCMethod.m */,
			);
			path = CFunc;
			sourceTree = "<group>";
		};
		3939CA272647E34E005C76F4 /* StorageStream */ = {
			isa = PBXGroup;
			children = (
				3939CA282647E34E005C76F4 /* SalStorageStream.h */,
				3939CA292647E34E005C76F4 /* SalStorageStream.m */,
			);
			path = StorageStream;
			sourceTree = "<group>";
		};
		3939CA2B2647F040005C76F4 /* Sort&List */ = {
			isa = PBXGroup;
			children = (
				3939CA2F2647F040005C76F4 /* FlyNode.h */,
				3939CA2D2647F040005C76F4 /* FlyNode.m */,
				3939CA2C2647F040005C76F4 /* FlySort.h */,
				3939CA2E2647F040005C76F4 /* FlySort.m */,
			);
			path = "Sort&List";
			sourceTree = "<group>";
		};
		3939CA302647F040005C76F4 /* Screen */ = {
			isa = PBXGroup;
			children = (
				3939CA322647F040005C76F4 /* SalConverVideoTool.h */,
				3939CA342647F040005C76F4 /* SalConverVideoTool.m */,
				3939CA332647F040005C76F4 /* SalScreenShotTool.h */,
				3939CA312647F040005C76F4 /* SalScreenShotTool.m */,
			);
			path = Screen;
			sourceTree = "<group>";
		};
/* End PBXGroup section */

/* Begin PBXNativeTarget section */
		3901D648264697C500F6CB37 /* PerformanceCollect */ = {
			isa = PBXNativeTarget;
			buildConfigurationList = 3901D662264697C500F6CB37 /* Build configuration list for PBXNativeTarget "PerformanceCollect" */;
			buildPhases = (
				3901D645264697C500F6CB37 /* Sources */,
				3901D646264697C500F6CB37 /* Frameworks */,
				3901D647264697C500F6CB37 /* Resources */,
			);
			buildRules = (
			);
			dependencies = (
			);
			name = PerformanceCollect;
			productName = PerformanceCollect;
			productReference = 3901D649264697C500F6CB37 /* PerformanceCollect.app */;
			productType = "com.apple.product-type.application";
		};
/* End PBXNativeTarget section */

/* Begin PBXProject section */
		3901D641264697C500F6CB37 /* Project object */ = {
			isa = PBXProject;
			attributes = {
				LastUpgradeCheck = 1250;
				TargetAttributes = {
					3901D648264697C500F6CB37 = {
						CreatedOnToolsVersion = 12.5;
					};
				};
			};
			buildConfigurationList = 3901D644264697C500F6CB37 /* Build configuration list for PBXProject "PerformanceCollect" */;
			compatibilityVersion = "Xcode 9.3";
			developmentRegion = en;
			hasScannedForEncodings = 0;
			knownRegions = (
				en,
				Base,
			);
			mainGroup = 3901D640264697C500F6CB37;
			productRefGroup = 3901D64A264697C500F6CB37 /* Products */;
			projectDirPath = "";
			projectRoot = "";
			targets = (
				3901D648264697C500F6CB37 /* PerformanceCollect */,
			);
		};
/* End PBXProject section */

/* Begin PBXResourcesBuildPhase section */
		3901D647264697C500F6CB37 /* Resources */ = {
			isa = PBXResourcesBuildPhase;
			buildActionMask = 2147483647;
			files = (
				3901D7B02646A01400F6CB37 /* 3.jpg in Resources */,
				3901D65C264697C500F6CB37 /* LaunchScreen.storyboard in Resources */,
				3901D659264697C500F6CB37 /* Assets.xcassets in Resources */,
				3901D7B12646A01400F6CB37 /* 1.jpg in Resources */,
				3901D7AF2646A01400F6CB37 /* 2.jpg in Resources */,
				3901D657264697C500F6CB37 /* Main.storyboard in Resources */,
			);
			runOnlyForDeploymentPostprocessing = 0;
		};
/* End PBXResourcesBuildPhase section */

/* Begin PBXSourcesBuildPhase section */
		3901D645264697C500F6CB37 /* Sources */ = {
			isa = PBXSourcesBuildPhase;
			buildActionMask = 2147483647;
			files = (
				3901D7FC2646A15A00F6CB37 /* Dog.m in Sources */,
				3939CA262647E241005C76F4 /* SalCMethod.m in Sources */,
				3901D7AD2646A01400F6CB37 /* FlyFirstController.m in Sources */,
				3901D7AE2646A01400F6CB37 /* FlySeventhController.m in Sources */,
				3901D7A92646A01400F6CB37 /* FlySecondController.m in Sources */,
				3939CA382647F040005C76F4 /* SalConverVideoTool.m in Sources */,
				3901D8052646A15A00F6CB37 /* FlyButton.m in Sources */,
				3901D7BA2646A01400F6CB37 /* FlyNinthController.m in Sources */,
				3939CA2A2647E34E005C76F4 /* SalStorageStream.m in Sources */,
				3901D8022646A15A00F6CB37 /* NSObject+FlyKVC.m in Sources */,
				3901D7B22646A01400F6CB37 /* FlyEighthController.m in Sources */,
				3901D7F82646A15A00F6CB37 /* Dog+Custom.m in Sources */,
				3901D7C82646A0C900F6CB37 /* SalImageInfo.m in Sources */,
				3901D64E264697C500F6CB37 /* AppDelegate.m in Sources */,
				3901D7F62646A15A00F6CB37 /* NSObject+FlyKVO.m in Sources */,
				3901D7FA2646A15A00F6CB37 /* Person.m in Sources */,
				3939CA362647F040005C76F4 /* FlySort.m in Sources */,
				3901D7922646A01400F6CB37 /* FlyForthController.m in Sources */,
				3901D7F72646A15A00F6CB37 /* NSObject+LGKVO.m in Sources */,
				3901D8042646A15A00F6CB37 /* FlyBaseView.m in Sources */,
				3901D78E2646A01400F6CB37 /* FlyFifteenController.m in Sources */,
				3901D79A2646A01400F6CB37 /* FlySixteenController.m in Sources */,
				3901D7AA2646A01400F6CB37 /* FlyFourteenController.m in Sources */,
				3901D7A52646A01400F6CB37 /* FlyThirdController.m in Sources */,
				3901D7A82646A01400F6CB37 /* FlyBaseController.m in Sources */,
				3901D7B52646A01400F6CB37 /* FlyTenthController.m in Sources */,
				3939CA372647F040005C76F4 /* SalScreenShotTool.m in Sources */,
				3901D7902646A01400F6CB37 /* FlySixthController.m in Sources */,
				3901D7B92646A01400F6CB37 /* FlySeventeenController.m in Sources */,
				3901D7912646A01400F6CB37 /* FlyThirteenController.m in Sources */,
				3901D78F2646A01400F6CB37 /* FlyFifthController.m in Sources */,
				3901D8012646A15A00F6CB37 /* FlyPerformanceMonitor.m in Sources */,
				3901D7C72646A0C900F6CB37 /* SalDrawTool.m in Sources */,
				3901D8002646A15A00F6CB37 /* FlyRunloopTool.m in Sources */,
				3939CA352647F040005C76F4 /* FlyNode.m in Sources */,
				3901D7FB2646A15A00F6CB37 /* FlyRuntimeTool.m in Sources */,
				3901D65F264697C500F6CB37 /* main.m in Sources */,
				3901D651264697C500F6CB37 /* SceneDelegate.m in Sources */,
				3901D7B42646A01400F6CB37 /* FlyEleventhController.m in Sources */,
				3901D7F92646A15A00F6CB37 /* Person+Custom.m in Sources */,
				3901D7AB2646A01400F6CB37 /* FlyTwelfthController.m in Sources */,
				3901D7A42646A01400F6CB37 /* ViewController.m in Sources */,
			);
			runOnlyForDeploymentPostprocessing = 0;
		};
/* End PBXSourcesBuildPhase section */

/* Begin PBXVariantGroup section */
		3901D655264697C500F6CB37 /* Main.storyboard */ = {
			isa = PBXVariantGroup;
			children = (
				3901D656264697C500F6CB37 /* Base */,
			);
			name = Main.storyboard;
			sourceTree = "<group>";
		};
		3901D65A264697C500F6CB37 /* LaunchScreen.storyboard */ = {
			isa = PBXVariantGroup;
			children = (
				3901D65B264697C500F6CB37 /* Base */,
			);
			name = LaunchScreen.storyboard;
			sourceTree = "<group>";
		};
/* End PBXVariantGroup section */

/* Begin XCBuildConfiguration section */
		3901D660264697C500F6CB37 /* Debug */ = {
			isa = XCBuildConfiguration;
			buildSettings = {
				ALWAYS_SEARCH_USER_PATHS = NO;
				CLANG_ANALYZER_NONNULL = YES;
				CLANG_ANALYZER_NUMBER_OBJECT_CONVERSION = YES_AGGRESSIVE;
				CLANG_CXX_LANGUAGE_STANDARD = "gnu++14";
				CLANG_CXX_LIBRARY = "libc++";
				CLANG_ENABLE_MODULES = YES;
				CLANG_ENABLE_OBJC_ARC = YES;
				CLANG_ENABLE_OBJC_WEAK = YES;
				CLANG_WARN_BLOCK_CAPTURE_AUTORELEASING = YES;
				CLANG_WARN_BOOL_CONVERSION = YES;
				CLANG_WARN_COMMA = YES;
				CLANG_WARN_CONSTANT_CONVERSION = YES;
				CLANG_WARN_DEPRECATED_OBJC_IMPLEMENTATIONS = YES;
				CLANG_WARN_DIRECT_OBJC_ISA_USAGE = YES_ERROR;
				CLANG_WARN_DOCUMENTATION_COMMENTS = YES;
				CLANG_WARN_EMPTY_BODY = YES;
				CLANG_WARN_ENUM_CONVERSION = YES;
				CLANG_WARN_INFINITE_RECURSION = YES;
				CLANG_WARN_INT_CONVERSION = YES;
				CLANG_WARN_NON_LITERAL_NULL_CONVERSION = YES;
				CLANG_WARN_OBJC_IMPLICIT_RETAIN_SELF = YES;
				CLANG_WARN_OBJC_LITERAL_CONVERSION = YES;
				CLANG_WARN_OBJC_ROOT_CLASS = YES_ERROR;
				CLANG_WARN_QUOTED_INCLUDE_IN_FRAMEWORK_HEADER = YES;
				CLANG_WARN_RANGE_LOOP_ANALYSIS = YES;
				CLANG_WARN_STRICT_PROTOTYPES = YES;
				CLANG_WARN_SUSPICIOUS_MOVE = YES;
				CLANG_WARN_UNGUARDED_AVAILABILITY = YES_AGGRESSIVE;
				CLANG_WARN_UNREACHABLE_CODE = YES;
				CLANG_WARN__DUPLICATE_METHOD_MATCH = YES;
				COPY_PHASE_STRIP = NO;
				DEBUG_INFORMATION_FORMAT = dwarf;
				ENABLE_STRICT_OBJC_MSGSEND = YES;
				ENABLE_TESTABILITY = YES;
				GCC_C_LANGUAGE_STANDARD = gnu11;
				GCC_DYNAMIC_NO_PIC = NO;
				GCC_NO_COMMON_BLOCKS = YES;
				GCC_OPTIMIZATION_LEVEL = 0;
				GCC_PREPROCESSOR_DEFINITIONS = (
					"DEBUG=1",
					"$(inherited)",
				);
				GCC_WARN_64_TO_32_BIT_CONVERSION = YES;
				GCC_WARN_ABOUT_RETURN_TYPE = YES_ERROR;
				GCC_WARN_UNDECLARED_SELECTOR = YES;
				GCC_WARN_UNINITIALIZED_AUTOS = YES_AGGRESSIVE;
				GCC_WARN_UNUSED_FUNCTION = YES;
				GCC_WARN_UNUSED_VARIABLE = YES;
				IPHONEOS_DEPLOYMENT_TARGET = 11.0;
				MTL_ENABLE_DEBUG_INFO = INCLUDE_SOURCE;
				MTL_FAST_MATH = YES;
				ONLY_ACTIVE_ARCH = YES;
				SDKROOT = iphoneos;
			};
			name = Debug;
		};
		3901D661264697C500F6CB37 /* Release */ = {
			isa = XCBuildConfiguration;
			buildSettings = {
				ALWAYS_SEARCH_USER_PATHS = NO;
				CLANG_ANALYZER_NONNULL = YES;
				CLANG_ANALYZER_NUMBER_OBJECT_CONVERSION = YES_AGGRESSIVE;
				CLANG_CXX_LANGUAGE_STANDARD = "gnu++14";
				CLANG_CXX_LIBRARY = "libc++";
				CLANG_ENABLE_MODULES = YES;
				CLANG_ENABLE_OBJC_ARC = YES;
				CLANG_ENABLE_OBJC_WEAK = YES;
				CLANG_WARN_BLOCK_CAPTURE_AUTORELEASING = YES;
				CLANG_WARN_BOOL_CONVERSION = YES;
				CLANG_WARN_COMMA = YES;
				CLANG_WARN_CONSTANT_CONVERSION = YES;
				CLANG_WARN_DEPRECATED_OBJC_IMPLEMENTATIONS = YES;
				CLANG_WARN_DIRECT_OBJC_ISA_USAGE = YES_ERROR;
				CLANG_WARN_DOCUMENTATION_COMMENTS = YES;
				CLANG_WARN_EMPTY_BODY = YES;
				CLANG_WARN_ENUM_CONVERSION = YES;
				CLANG_WARN_INFINITE_RECURSION = YES;
				CLANG_WARN_INT_CONVERSION = YES;
				CLANG_WARN_NON_LITERAL_NULL_CONVERSION = YES;
				CLANG_WARN_OBJC_IMPLICIT_RETAIN_SELF = YES;
				CLANG_WARN_OBJC_LITERAL_CONVERSION = YES;
				CLANG_WARN_OBJC_ROOT_CLASS = YES_ERROR;
				CLANG_WARN_QUOTED_INCLUDE_IN_FRAMEWORK_HEADER = YES;
				CLANG_WARN_RANGE_LOOP_ANALYSIS = YES;
				CLANG_WARN_STRICT_PROTOTYPES = YES;
				CLANG_WARN_SUSPICIOUS_MOVE = YES;
				CLANG_WARN_UNGUARDED_AVAILABILITY = YES_AGGRESSIVE;
				CLANG_WARN_UNREACHABLE_CODE = YES;
				CLANG_WARN__DUPLICATE_METHOD_MATCH = YES;
				COPY_PHASE_STRIP = NO;
				DEBUG_INFORMATION_FORMAT = "dwarf-with-dsym";
				ENABLE_NS_ASSERTIONS = NO;
				ENABLE_STRICT_OBJC_MSGSEND = YES;
				GCC_C_LANGUAGE_STANDARD = gnu11;
				GCC_NO_COMMON_BLOCKS = YES;
				GCC_WARN_64_TO_32_BIT_CONVERSION = YES;
				GCC_WARN_ABOUT_RETURN_TYPE = YES_ERROR;
				GCC_WARN_UNDECLARED_SELECTOR = YES;
				GCC_WARN_UNINITIALIZED_AUTOS = YES_AGGRESSIVE;
				GCC_WARN_UNUSED_FUNCTION = YES;
				GCC_WARN_UNUSED_VARIABLE = YES;
				IPHONEOS_DEPLOYMENT_TARGET = 11.0;
				MTL_ENABLE_DEBUG_INFO = NO;
				MTL_FAST_MATH = YES;
				SDKROOT = iphoneos;
				VALIDATE_PRODUCT = YES;
			};
			name = Release;
		};
		3901D663264697C500F6CB37 /* Debug */ = {
			isa = XCBuildConfiguration;
			buildSettings = {
				ASSETCATALOG_COMPILER_APPICON_NAME = AppIcon;
				ASSETCATALOG_COMPILER_GLOBAL_ACCENT_COLOR_NAME = AccentColor;
				CODE_SIGN_STYLE = Automatic;
				DEVELOPMENT_TEAM = F5KZ9A44AR;
				FRAMEWORK_SEARCH_PATHS = (
					"$(inherited)",
					"$(PROJECT_DIR)/PerformanceCollect/测试项目/Runloop",
				);
				GCC_INCREASE_PRECOMPILED_HEADER_SHARING = NO;
				GCC_PRECOMPILE_PREFIX_HEADER = YES;
				GCC_PREFIX_HEADER = "$(SRCROOT)/PerformanceCollect/测试项目/PrefixHeader.pch";
				INFOPLIST_FILE = PerformanceCollect/Info.plist;
				LD_RUNPATH_SEARCH_PATHS = (
					"$(inherited)",
					"@executable_path/Frameworks",
				);
				PRODUCT_BUNDLE_IDENTIFIER = com.fly.www.PerformanceCollect;
				PRODUCT_NAME = "$(TARGET_NAME)";
				TARGETED_DEVICE_FAMILY = "1,2";
			};
			name = Debug;
		};
		3901D664264697C500F6CB37 /* Release */ = {
			isa = XCBuildConfiguration;
			buildSettings = {
				ASSETCATALOG_COMPILER_APPICON_NAME = AppIcon;
				ASSETCATALOG_COMPILER_GLOBAL_ACCENT_COLOR_NAME = AccentColor;
				CODE_SIGN_STYLE = Automatic;
				DEVELOPMENT_TEAM = F5KZ9A44AR;
				FRAMEWORK_SEARCH_PATHS = (
					"$(inherited)",
					"$(PROJECT_DIR)/PerformanceCollect/测试项目/Runloop",
				);
				GCC_INCREASE_PRECOMPILED_HEADER_SHARING = NO;
				GCC_PRECOMPILE_PREFIX_HEADER = YES;
				GCC_PREFIX_HEADER = "$(SRCROOT)/PerformanceCollect/测试项目/PrefixHeader.pch";
				INFOPLIST_FILE = PerformanceCollect/Info.plist;
				LD_RUNPATH_SEARCH_PATHS = (
					"$(inherited)",
					"@executable_path/Frameworks",
				);
				PRODUCT_BUNDLE_IDENTIFIER = com.fly.www.PerformanceCollect;
				PRODUCT_NAME = "$(TARGET_NAME)";
				TARGETED_DEVICE_FAMILY = "1,2";
			};
			name = Release;
		};
/* End XCBuildConfiguration section */

/* Begin XCConfigurationList section */
		3901D644264697C500F6CB37 /* Build configuration list for PBXProject "PerformanceCollect" */ = {
			isa = XCConfigurationList;
			buildConfigurations = (
				3901D660264697C500F6CB37 /* Debug */,
				3901D661264697C500F6CB37 /* Release */,
			);
			defaultConfigurationIsVisible = 0;
			defaultConfigurationName = Release;
		};
		3901D662264697C500F6CB37 /* Build configuration list for PBXNativeTarget "PerformanceCollect" */ = {
			isa = XCConfigurationList;
			buildConfigurations = (
				3901D663264697C500F6CB37 /* Debug */,
				3901D664264697C500F6CB37 /* Release */,
			);
			defaultConfigurationIsVisible = 0;
			defaultConfigurationName = Release;
		};
/* End XCConfigurationList section */
	};
	rootObject = 3901D641264697C500F6CB37 /* Project object */;
}
