// !$*UTF8*$!
{
	archiveVersion = 1;
	classes = {
	};
	objectVersion = 50;
	objects = {

/* Begin PBXBuildFile section */
		7B4921EF20A1A31C0048E34A /* AppDelegate.m in Sources */ = {isa = PBXBuildFile; fileRef = 7B4921EE20A1A31C0048E34A /* AppDelegate.m */; };
		7B4921F220A1A31C0048E34A /* ViewController.m in Sources */ = {isa = PBXBuildFile; fileRef = 7B4921F120A1A31C0048E34A /* ViewController.m */; };
		7B4921F520A1A31C0048E34A /* Main.storyboard in Resources */ = {isa = PBXBuildFile; fileRef = 7B4921F320A1A31C0048E34A /* Main.storyboard */; };
		7B4921F720A1A31F0048E34A /* Assets.xcassets in Resources */ = {isa = PBXBuildFile; fileRef = 7B4921F620A1A31F0048E34A /* Assets.xcassets */; };
		7B4921FA20A1A31F0048E34A /* LaunchScreen.storyboard in Resources */ = {isa = PBXBuildFile; fileRef = 7B4921F820A1A31F0048E34A /* LaunchScreen.storyboard */; };
		7B4921FD20A1A31F0048E34A /* main.m in Sources */ = {isa = PBXBuildFile; fileRef = 7B4921FC20A1A31F0048E34A /* main.m */; };
		7B49220720A1A31F0048E34A /* _D__Tests.m in Sources */ = {isa = PBXBuildFile; fileRef = 7B49220620A1A31F0048E34A /* _D__Tests.m */; };
		7B49221220A1A31F0048E34A /* _D__UITests.m in Sources */ = {isa = PBXBuildFile; fileRef = 7B49221120A1A31F0048E34A /* _D__UITests.m */; };
		7B49222120A1A3A20048E34A /* OrgLoopLayout.m in Sources */ = {isa = PBXBuildFile; fileRef = 7B49222020A1A3A20048E34A /* OrgLoopLayout.m */; };
		7B49222420A1A3B90048E34A /* SecondViewController.m in Sources */ = {isa = PBXBuildFile; fileRef = 7B49222320A1A3B90048E34A /* SecondViewController.m */; };
		7B49223020A1A59A0048E34A /* 2.jpg in Resources */ = {isa = PBXBuildFile; fileRef = 7B49222920A1A59A0048E34A /* 2.jpg */; };
		7B49223120A1A59A0048E34A /* 4.jpg in Resources */ = {isa = PBXBuildFile; fileRef = 7B49222A20A1A59A0048E34A /* 4.jpg */; };
		7B49223220A1A59A0048E34A /* 7.jpg in Resources */ = {isa = PBXBuildFile; fileRef = 7B49222B20A1A59A0048E34A /* 7.jpg */; };
		7B49223320A1A59A0048E34A /* 6.jpg in Resources */ = {isa = PBXBuildFile; fileRef = 7B49222C20A1A59A0048E34A /* 6.jpg */; };
		7B49223420A1A59A0048E34A /* 1.jpg in Resources */ = {isa = PBXBuildFile; fileRef = 7B49222D20A1A59A0048E34A /* 1.jpg */; };
		7B49223520A1A59A0048E34A /* 5.jpg in Resources */ = {isa = PBXBuildFile; fileRef = 7B49222E20A1A59A0048E34A /* 5.jpg */; };
		7B49223620A1A59A0048E34A /* 3.jpg in Resources */ = {isa = PBXBuildFile; fileRef = 7B49222F20A1A59A0048E34A /* 3.jpg */; };
		7B49223A20A1A5A10048E34A /* 8.jpg in Resources */ = {isa = PBXBuildFile; fileRef = 7B49223720A1A5A10048E34A /* 8.jpg */; };
		7B49223B20A1A5A10048E34A /* 0.jpg in Resources */ = {isa = PBXBuildFile; fileRef = 7B49223820A1A5A10048E34A /* 0.jpg */; };
		7B49223C20A1A5A10048E34A /* 9.jpg in Resources */ = {isa = PBXBuildFile; fileRef = 7B49223920A1A5A10048E34A /* 9.jpg */; };
		7B49223F20A291980048E34A /* ThirdViewController.m in Sources */ = {isa = PBXBuildFile; fileRef = 7B49223E20A291980048E34A /* ThirdViewController.m */; };
		7B49224420A2920F0048E34A /* iCarousel.m in Sources */ = {isa = PBXBuildFile; fileRef = 7B49224220A2920F0048E34A /* iCarousel.m */; };
/* End PBXBuildFile section */

/* Begin PBXContainerItemProxy section */
		7B49220320A1A31F0048E34A /* PBXContainerItemProxy */ = {
			isa = PBXContainerItemProxy;
			containerPortal = 7B4921E220A1A31C0048E34A /* Project object */;
			proxyType = 1;
			remoteGlobalIDString = 7B4921E920A1A31C0048E34A;
			remoteInfo = "3D效果";
		};
		7B49220E20A1A31F0048E34A /* PBXContainerItemProxy */ = {
			isa = PBXContainerItemProxy;
			containerPortal = 7B4921E220A1A31C0048E34A /* Project object */;
			proxyType = 1;
			remoteGlobalIDString = 7B4921E920A1A31C0048E34A;
			remoteInfo = "3D效果";
		};
/* End PBXContainerItemProxy section */

/* Begin PBXFileReference section */
		7B4921EA20A1A31C0048E34A /* 3D效果.app */ = {isa = PBXFileReference; explicitFileType = wrapper.application; includeInIndex = 0; path = "3D效果.app"; sourceTree = BUILT_PRODUCTS_DIR; };
		7B4921ED20A1A31C0048E34A /* AppDelegate.h */ = {isa = PBXFileReference; lastKnownFileType = sourcecode.c.h; path = AppDelegate.h; sourceTree = "<group>"; };
		7B4921EE20A1A31C0048E34A /* AppDelegate.m */ = {isa = PBXFileReference; lastKnownFileType = sourcecode.c.objc; path = AppDelegate.m; sourceTree = "<group>"; };
		7B4921F020A1A31C0048E34A /* ViewController.h */ = {isa = PBXFileReference; lastKnownFileType = sourcecode.c.h; path = ViewController.h; sourceTree = "<group>"; };
		7B4921F120A1A31C0048E34A /* ViewController.m */ = {isa = PBXFileReference; lastKnownFileType = sourcecode.c.objc; path = ViewController.m; sourceTree = "<group>"; };
		7B4921F420A1A31C0048E34A /* Base */ = {isa = PBXFileReference; lastKnownFileType = file.storyboard; name = Base; path = Base.lproj/Main.storyboard; sourceTree = "<group>"; };
		7B4921F620A1A31F0048E34A /* Assets.xcassets */ = {isa = PBXFileReference; lastKnownFileType = folder.assetcatalog; path = Assets.xcassets; sourceTree = "<group>"; };
		7B4921F920A1A31F0048E34A /* Base */ = {isa = PBXFileReference; lastKnownFileType = file.storyboard; name = Base; path = Base.lproj/LaunchScreen.storyboard; sourceTree = "<group>"; };
		7B4921FB20A1A31F0048E34A /* Info.plist */ = {isa = PBXFileReference; lastKnownFileType = text.plist.xml; path = Info.plist; sourceTree = "<group>"; };
		7B4921FC20A1A31F0048E34A /* main.m */ = {isa = PBXFileReference; lastKnownFileType = sourcecode.c.objc; path = main.m; sourceTree = "<group>"; };
		7B49220220A1A31F0048E34A /* 3D效果Tests.xctest */ = {isa = PBXFileReference; explicitFileType = wrapper.cfbundle; includeInIndex = 0; path = "3D效果Tests.xctest"; sourceTree = BUILT_PRODUCTS_DIR; };
		7B49220620A1A31F0048E34A /* _D__Tests.m */ = {isa = PBXFileReference; lastKnownFileType = sourcecode.c.objc; path = _D__Tests.m; sourceTree = "<group>"; };
		7B49220820A1A31F0048E34A /* Info.plist */ = {isa = PBXFileReference; lastKnownFileType = text.plist.xml; path = Info.plist; sourceTree = "<group>"; };
		7B49220D20A1A31F0048E34A /* 3D效果UITests.xctest */ = {isa = PBXFileReference; explicitFileType = wrapper.cfbundle; includeInIndex = 0; path = "3D效果UITests.xctest"; sourceTree = BUILT_PRODUCTS_DIR; };
		7B49221120A1A31F0048E34A /* _D__UITests.m */ = {isa = PBXFileReference; lastKnownFileType = sourcecode.c.objc; path = _D__UITests.m; sourceTree = "<group>"; };
		7B49221320A1A31F0048E34A /* Info.plist */ = {isa = PBXFileReference; lastKnownFileType = text.plist.xml; path = Info.plist; sourceTree = "<group>"; };
		7B49221F20A1A3A20048E34A /* OrgLoopLayout.h */ = {isa = PBXFileReference; lastKnownFileType = sourcecode.c.h; path = OrgLoopLayout.h; sourceTree = "<group>"; };
		7B49222020A1A3A20048E34A /* OrgLoopLayout.m */ = {isa = PBXFileReference; lastKnownFileType = sourcecode.c.objc; path = OrgLoopLayout.m; sourceTree = "<group>"; };
		7B49222220A1A3B90048E34A /* SecondViewController.h */ = {isa = PBXFileReference; lastKnownFileType = sourcecode.c.h; path = SecondViewController.h; sourceTree = "<group>"; };
		7B49222320A1A3B90048E34A /* SecondViewController.m */ = {isa = PBXFileReference; lastKnownFileType = sourcecode.c.objc; path = SecondViewController.m; sourceTree = "<group>"; };
		7B49222920A1A59A0048E34A /* 2.jpg */ = {isa = PBXFileReference; lastKnownFileType = image.jpeg; path = 2.jpg; sourceTree = "<group>"; };
		7B49222A20A1A59A0048E34A /* 4.jpg */ = {isa = PBXFileReference; lastKnownFileType = image.jpeg; path = 4.jpg; sourceTree = "<group>"; };
		7B49222B20A1A59A0048E34A /* 7.jpg */ = {isa = PBXFileReference; lastKnownFileType = image.jpeg; path = 7.jpg; sourceTree = "<group>"; };
		7B49222C20A1A59A0048E34A /* 6.jpg */ = {isa = PBXFileReference; lastKnownFileType = image.jpeg; path = 6.jpg; sourceTree = "<group>"; };
		7B49222D20A1A59A0048E34A /* 1.jpg */ = {isa = PBXFileReference; lastKnownFileType = image.jpeg; path = 1.jpg; sourceTree = "<group>"; };
		7B49222E20A1A59A0048E34A /* 5.jpg */ = {isa = PBXFileReference; lastKnownFileType = image.jpeg; path = 5.jpg; sourceTree = "<group>"; };
		7B49222F20A1A59A0048E34A /* 3.jpg */ = {isa = PBXFileReference; lastKnownFileType = image.jpeg; path = 3.jpg; sourceTree = "<group>"; };
		7B49223720A1A5A10048E34A /* 8.jpg */ = {isa = PBXFileReference; lastKnownFileType = image.jpeg; path = 8.jpg; sourceTree = "<group>"; };
		7B49223820A1A5A10048E34A /* 0.jpg */ = {isa = PBXFileReference; lastKnownFileType = image.jpeg; path = 0.jpg; sourceTree = "<group>"; };
		7B49223920A1A5A10048E34A /* 9.jpg */ = {isa = PBXFileReference; lastKnownFileType = image.jpeg; path = 9.jpg; sourceTree = "<group>"; };
		7B49223D20A291980048E34A /* ThirdViewController.h */ = {isa = PBXFileReference; lastKnownFileType = sourcecode.c.h; path = ThirdViewController.h; sourceTree = "<group>"; };
		7B49223E20A291980048E34A /* ThirdViewController.m */ = {isa = PBXFileReference; lastKnownFileType = sourcecode.c.objc; path = ThirdViewController.m; sourceTree = "<group>"; };
		7B49224120A2920F0048E34A /* iCarousel.h */ = {isa = PBXFileReference; fileEncoding = 4; lastKnownFileType = sourcecode.c.h; path = iCarousel.h; sourceTree = "<group>"; };
		7B49224220A2920F0048E34A /* iCarousel.m */ = {isa = PBXFileReference; fileEncoding = 4; lastKnownFileType = sourcecode.c.objc; path = iCarousel.m; sourceTree = "<group>"; };
/* End PBXFileReference section */

/* Begin PBXFrameworksBuildPhase section */
		7B4921E720A1A31C0048E34A /* Frameworks */ = {
			isa = PBXFrameworksBuildPhase;
			buildActionMask = 2147483647;
			files = (
			);
			runOnlyForDeploymentPostprocessing = 0;
		};
		7B4921FF20A1A31F0048E34A /* Frameworks */ = {
			isa = PBXFrameworksBuildPhase;
			buildActionMask = 2147483647;
			files = (
			);
			runOnlyForDeploymentPostprocessing = 0;
		};
		7B49220A20A1A31F0048E34A /* Frameworks */ = {
			isa = PBXFrameworksBuildPhase;
			buildActionMask = 2147483647;
			files = (
			);
			runOnlyForDeploymentPostprocessing = 0;
		};
/* End PBXFrameworksBuildPhase section */

/* Begin PBXGroup section */
		7B4921E120A1A31C0048E34A = {
			isa = PBXGroup;
			children = (
				7B4921EC20A1A31C0048E34A /* 3D效果 */,
				7B49220520A1A31F0048E34A /* 3D效果Tests */,
				7B49221020A1A31F0048E34A /* 3D效果UITests */,
				7B4921EB20A1A31C0048E34A /* Products */,
			);
			sourceTree = "<group>";
		};
		7B4921EB20A1A31C0048E34A /* Products */ = {
			isa = PBXGroup;
			children = (
				7B4921EA20A1A31C0048E34A /* 3D效果.app */,
				7B49220220A1A31F0048E34A /* 3D效果Tests.xctest */,
				7B49220D20A1A31F0048E34A /* 3D效果UITests.xctest */,
			);
			name = Products;
			sourceTree = "<group>";
		};
		7B4921EC20A1A31C0048E34A /* 3D效果 */ = {
			isa = PBXGroup;
			children = (
				7B49224020A2920F0048E34A /* iCarousel */,
				7B4921ED20A1A31C0048E34A /* AppDelegate.h */,
				7B4921EE20A1A31C0048E34A /* AppDelegate.m */,
				7B4921F020A1A31C0048E34A /* ViewController.h */,
				7B4921F120A1A31C0048E34A /* ViewController.m */,
				7B49223D20A291980048E34A /* ThirdViewController.h */,
				7B49223E20A291980048E34A /* ThirdViewController.m */,
				7B49222220A1A3B90048E34A /* SecondViewController.h */,
				7B49222320A1A3B90048E34A /* SecondViewController.m */,
				7B49222D20A1A59A0048E34A /* 1.jpg */,
				7B49222920A1A59A0048E34A /* 2.jpg */,
				7B49222F20A1A59A0048E34A /* 3.jpg */,
				7B49222A20A1A59A0048E34A /* 4.jpg */,
				7B49222E20A1A59A0048E34A /* 5.jpg */,
				7B49222C20A1A59A0048E34A /* 6.jpg */,
				7B49222B20A1A59A0048E34A /* 7.jpg */,
				7B49223720A1A5A10048E34A /* 8.jpg */,
				7B49223920A1A5A10048E34A /* 9.jpg */,
				7B49223820A1A5A10048E34A /* 0.jpg */,
				7B49221F20A1A3A20048E34A /* OrgLoopLayout.h */,
				7B49222020A1A3A20048E34A /* OrgLoopLayout.m */,
				7B4921F320A1A31C0048E34A /* Main.storyboard */,
				7B4921F620A1A31F0048E34A /* Assets.xcassets */,
				7B4921F820A1A31F0048E34A /* LaunchScreen.storyboard */,
				7B4921FB20A1A31F0048E34A /* Info.plist */,
				7B4921FC20A1A31F0048E34A /* main.m */,
			);
			path = "3D效果";
			sourceTree = "<group>";
		};
		7B49220520A1A31F0048E34A /* 3D效果Tests */ = {
			isa = PBXGroup;
			children = (
				7B49220620A1A31F0048E34A /* _D__Tests.m */,
				7B49220820A1A31F0048E34A /* Info.plist */,
			);
			path = "3D效果Tests";
			sourceTree = "<group>";
		};
		7B49221020A1A31F0048E34A /* 3D效果UITests */ = {
			isa = PBXGroup;
			children = (
				7B49221120A1A31F0048E34A /* _D__UITests.m */,
				7B49221320A1A31F0048E34A /* Info.plist */,
			);
			path = "3D效果UITests";
			sourceTree = "<group>";
		};
		7B49224020A2920F0048E34A /* iCarousel */ = {
			isa = PBXGroup;
			children = (
				7B49224120A2920F0048E34A /* iCarousel.h */,
				7B49224220A2920F0048E34A /* iCarousel.m */,
			);
			path = iCarousel;
			sourceTree = "<group>";
		};
/* End PBXGroup section */

/* Begin PBXNativeTarget section */
		7B4921E920A1A31C0048E34A /* 3D效果 */ = {
			isa = PBXNativeTarget;
			buildConfigurationList = 7B49221620A1A31F0048E34A /* Build configuration list for PBXNativeTarget "3D效果" */;
			buildPhases = (
				7B4921E620A1A31C0048E34A /* Sources */,
				7B4921E720A1A31C0048E34A /* Frameworks */,
				7B4921E820A1A31C0048E34A /* Resources */,
			);
			buildRules = (
			);
			dependencies = (
			);
			name = "3D效果";
			productName = "3D效果";
			productReference = 7B4921EA20A1A31C0048E34A /* 3D效果.app */;
			productType = "com.apple.product-type.application";
		};
		7B49220120A1A31F0048E34A /* 3D效果Tests */ = {
			isa = PBXNativeTarget;
			buildConfigurationList = 7B49221920A1A31F0048E34A /* Build configuration list for PBXNativeTarget "3D效果Tests" */;
			buildPhases = (
				7B4921FE20A1A31F0048E34A /* Sources */,
				7B4921FF20A1A31F0048E34A /* Frameworks */,
				7B49220020A1A31F0048E34A /* Resources */,
			);
			buildRules = (
			);
			dependencies = (
				7B49220420A1A31F0048E34A /* PBXTargetDependency */,
			);
			name = "3D效果Tests";
			productName = "3D效果Tests";
			productReference = 7B49220220A1A31F0048E34A /* 3D效果Tests.xctest */;
			productType = "com.apple.product-type.bundle.unit-test";
		};
		7B49220C20A1A31F0048E34A /* 3D效果UITests */ = {
			isa = PBXNativeTarget;
			buildConfigurationList = 7B49221C20A1A31F0048E34A /* Build configuration list for PBXNativeTarget "3D效果UITests" */;
			buildPhases = (
				7B49220920A1A31F0048E34A /* Sources */,
				7B49220A20A1A31F0048E34A /* Frameworks */,
				7B49220B20A1A31F0048E34A /* Resources */,
			);
			buildRules = (
			);
			dependencies = (
				7B49220F20A1A31F0048E34A /* PBXTargetDependency */,
			);
			name = "3D效果UITests";
			productName = "3D效果UITests";
			productReference = 7B49220D20A1A31F0048E34A /* 3D效果UITests.xctest */;
			productType = "com.apple.product-type.bundle.ui-testing";
		};
/* End PBXNativeTarget section */

/* Begin PBXProject section */
		7B4921E220A1A31C0048E34A /* Project object */ = {
			isa = PBXProject;
			attributes = {
				LastUpgradeCheck = 0930;
				ORGANIZATIONNAME = Fly;
				TargetAttributes = {
					7B4921E920A1A31C0048E34A = {
						CreatedOnToolsVersion = 9.3;
					};
					7B49220120A1A31F0048E34A = {
						CreatedOnToolsVersion = 9.3;
						TestTargetID = 7B4921E920A1A31C0048E34A;
					};
					7B49220C20A1A31F0048E34A = {
						CreatedOnToolsVersion = 9.3;
						TestTargetID = 7B4921E920A1A31C0048E34A;
					};
				};
			};
			buildConfigurationList = 7B4921E520A1A31C0048E34A /* Build configuration list for PBXProject "3D效果" */;
			compatibilityVersion = "Xcode 9.3";
			developmentRegion = en;
			hasScannedForEncodings = 0;
			knownRegions = (
				en,
				Base,
			);
			mainGroup = 7B4921E120A1A31C0048E34A;
			productRefGroup = 7B4921EB20A1A31C0048E34A /* Products */;
			projectDirPath = "";
			projectRoot = "";
			targets = (
				7B4921E920A1A31C0048E34A /* 3D效果 */,
				7B49220120A1A31F0048E34A /* 3D效果Tests */,
				7B49220C20A1A31F0048E34A /* 3D效果UITests */,
			);
		};
/* End PBXProject section */

/* Begin PBXResourcesBuildPhase section */
		7B4921E820A1A31C0048E34A /* Resources */ = {
			isa = PBXResourcesBuildPhase;
			buildActionMask = 2147483647;
			files = (
				7B49223C20A1A5A10048E34A /* 9.jpg in Resources */,
				7B49223A20A1A5A10048E34A /* 8.jpg in Resources */,
				7B49223320A1A59A0048E34A /* 6.jpg in Resources */,
				7B4921FA20A1A31F0048E34A /* LaunchScreen.storyboard in Resources */,
				7B4921F720A1A31F0048E34A /* Assets.xcassets in Resources */,
				7B49223520A1A59A0048E34A /* 5.jpg in Resources */,
				7B49223020A1A59A0048E34A /* 2.jpg in Resources */,
				7B49223620A1A59A0048E34A /* 3.jpg in Resources */,
				7B49223220A1A59A0048E34A /* 7.jpg in Resources */,
				7B49223420A1A59A0048E34A /* 1.jpg in Resources */,
				7B49223120A1A59A0048E34A /* 4.jpg in Resources */,
				7B49223B20A1A5A10048E34A /* 0.jpg in Resources */,
				7B4921F520A1A31C0048E34A /* Main.storyboard in Resources */,
			);
			runOnlyForDeploymentPostprocessing = 0;
		};
		7B49220020A1A31F0048E34A /* Resources */ = {
			isa = PBXResourcesBuildPhase;
			buildActionMask = 2147483647;
			files = (
			);
			runOnlyForDeploymentPostprocessing = 0;
		};
		7B49220B20A1A31F0048E34A /* Resources */ = {
			isa = PBXResourcesBuildPhase;
			buildActionMask = 2147483647;
			files = (
			);
			runOnlyForDeploymentPostprocessing = 0;
		};
/* End PBXResourcesBuildPhase section */

/* Begin PBXSourcesBuildPhase section */
		7B4921E620A1A31C0048E34A /* Sources */ = {
			isa = PBXSourcesBuildPhase;
			buildActionMask = 2147483647;
			files = (
				7B49222420A1A3B90048E34A /* SecondViewController.m in Sources */,
				7B4921F220A1A31C0048E34A /* ViewController.m in Sources */,
				7B49223F20A291980048E34A /* ThirdViewController.m in Sources */,
				7B4921FD20A1A31F0048E34A /* main.m in Sources */,
				7B49222120A1A3A20048E34A /* OrgLoopLayout.m in Sources */,
				7B49224420A2920F0048E34A /* iCarousel.m in Sources */,
				7B4921EF20A1A31C0048E34A /* AppDelegate.m in Sources */,
			);
			runOnlyForDeploymentPostprocessing = 0;
		};
		7B4921FE20A1A31F0048E34A /* Sources */ = {
			isa = PBXSourcesBuildPhase;
			buildActionMask = 2147483647;
			files = (
				7B49220720A1A31F0048E34A /* _D__Tests.m in Sources */,
			);
			runOnlyForDeploymentPostprocessing = 0;
		};
		7B49220920A1A31F0048E34A /* Sources */ = {
			isa = PBXSourcesBuildPhase;
			buildActionMask = 2147483647;
			files = (
				7B49221220A1A31F0048E34A /* _D__UITests.m in Sources */,
			);
			runOnlyForDeploymentPostprocessing = 0;
		};
/* End PBXSourcesBuildPhase section */

/* Begin PBXTargetDependency section */
		7B49220420A1A31F0048E34A /* PBXTargetDependency */ = {
			isa = PBXTargetDependency;
			target = 7B4921E920A1A31C0048E34A /* 3D效果 */;
			targetProxy = 7B49220320A1A31F0048E34A /* PBXContainerItemProxy */;
		};
		7B49220F20A1A31F0048E34A /* PBXTargetDependency */ = {
			isa = PBXTargetDependency;
			target = 7B4921E920A1A31C0048E34A /* 3D效果 */;
			targetProxy = 7B49220E20A1A31F0048E34A /* PBXContainerItemProxy */;
		};
/* End PBXTargetDependency section */

/* Begin PBXVariantGroup section */
		7B4921F320A1A31C0048E34A /* Main.storyboard */ = {
			isa = PBXVariantGroup;
			children = (
				7B4921F420A1A31C0048E34A /* Base */,
			);
			name = Main.storyboard;
			sourceTree = "<group>";
		};
		7B4921F820A1A31F0048E34A /* LaunchScreen.storyboard */ = {
			isa = PBXVariantGroup;
			children = (
				7B4921F920A1A31F0048E34A /* Base */,
			);
			name = LaunchScreen.storyboard;
			sourceTree = "<group>";
		};
/* End PBXVariantGroup section */

/* Begin XCBuildConfiguration section */
		7B49221420A1A31F0048E34A /* Debug */ = {
			isa = XCBuildConfiguration;
			buildSettings = {
				ALWAYS_SEARCH_USER_PATHS = NO;
				CLANG_ANALYZER_NONNULL = YES;
				CLANG_ANALYZER_NUMBER_OBJECT_CONVERSION = YES_AGGRESSIVE;
				CLANG_CXX_LANGUAGE_STANDARD = "gnu++14";
				CLANG_CXX_LIBRARY = "libc++";
				CLANG_ENABLE_MODULES = YES;
				CLANG_ENABLE_OBJC_ARC = YES;
				CLANG_ENABLE_OBJC_WEAK = YES;
				CLANG_WARN_BLOCK_CAPTURE_AUTORELEASING = YES;
				CLANG_WARN_BOOL_CONVERSION = YES;
				CLANG_WARN_COMMA = YES;
				CLANG_WARN_CONSTANT_CONVERSION = YES;
				CLANG_WARN_DEPRECATED_OBJC_IMPLEMENTATIONS = YES;
				CLANG_WARN_DIRECT_OBJC_ISA_USAGE = YES_ERROR;
				CLANG_WARN_DOCUMENTATION_COMMENTS = YES;
				CLANG_WARN_EMPTY_BODY = YES;
				CLANG_WARN_ENUM_CONVERSION = YES;
				CLANG_WARN_INFINITE_RECURSION = YES;
				CLANG_WARN_INT_CONVERSION = YES;
				CLANG_WARN_NON_LITERAL_NULL_CONVERSION = YES;
				CLANG_WARN_OBJC_IMPLICIT_RETAIN_SELF = YES;
				CLANG_WARN_OBJC_LITERAL_CONVERSION = YES;
				CLANG_WARN_OBJC_ROOT_CLASS = YES_ERROR;
				CLANG_WARN_RANGE_LOOP_ANALYSIS = YES;
				CLANG_WARN_STRICT_PROTOTYPES = YES;
				CLANG_WARN_SUSPICIOUS_MOVE = YES;
				CLANG_WARN_UNGUARDED_AVAILABILITY = YES_AGGRESSIVE;
				CLANG_WARN_UNREACHABLE_CODE = YES;
				CLANG_WARN__DUPLICATE_METHOD_MATCH = YES;
				CODE_SIGN_IDENTITY = "iPhone Developer";
				COPY_PHASE_STRIP = NO;
				DEBUG_INFORMATION_FORMAT = dwarf;
				ENABLE_STRICT_OBJC_MSGSEND = YES;
				ENABLE_TESTABILITY = YES;
				GCC_C_LANGUAGE_STANDARD = gnu11;
				GCC_DYNAMIC_NO_PIC = NO;
				GCC_NO_COMMON_BLOCKS = YES;
				GCC_OPTIMIZATION_LEVEL = 0;
				GCC_PREPROCESSOR_DEFINITIONS = (
					"DEBUG=1",
					"$(inherited)",
				);
				GCC_WARN_64_TO_32_BIT_CONVERSION = YES;
				GCC_WARN_ABOUT_RETURN_TYPE = YES_ERROR;
				GCC_WARN_UNDECLARED_SELECTOR = YES;
				GCC_WARN_UNINITIALIZED_AUTOS = YES_AGGRESSIVE;
				GCC_WARN_UNUSED_FUNCTION = YES;
				GCC_WARN_UNUSED_VARIABLE = YES;
				IPHONEOS_DEPLOYMENT_TARGET = 11.3;
				MTL_ENABLE_DEBUG_INFO = YES;
				ONLY_ACTIVE_ARCH = YES;
				SDKROOT = iphoneos;
			};
			name = Debug;
		};
		7B49221520A1A31F0048E34A /* Release */ = {
			isa = XCBuildConfiguration;
			buildSettings = {
				ALWAYS_SEARCH_USER_PATHS = NO;
				CLANG_ANALYZER_NONNULL = YES;
				CLANG_ANALYZER_NUMBER_OBJECT_CONVERSION = YES_AGGRESSIVE;
				CLANG_CXX_LANGUAGE_STANDARD = "gnu++14";
				CLANG_CXX_LIBRARY = "libc++";
				CLANG_ENABLE_MODULES = YES;
				CLANG_ENABLE_OBJC_ARC = YES;
				CLANG_ENABLE_OBJC_WEAK = YES;
				CLANG_WARN_BLOCK_CAPTURE_AUTORELEASING = YES;
				CLANG_WARN_BOOL_CONVERSION = YES;
				CLANG_WARN_COMMA = YES;
				CLANG_WARN_CONSTANT_CONVERSION = YES;
				CLANG_WARN_DEPRECATED_OBJC_IMPLEMENTATIONS = YES;
				CLANG_WARN_DIRECT_OBJC_ISA_USAGE = YES_ERROR;
				CLANG_WARN_DOCUMENTATION_COMMENTS = YES;
				CLANG_WARN_EMPTY_BODY = YES;
				CLANG_WARN_ENUM_CONVERSION = YES;
				CLANG_WARN_INFINITE_RECURSION = YES;
				CLANG_WARN_INT_CONVERSION = YES;
				CLANG_WARN_NON_LITERAL_NULL_CONVERSION = YES;
				CLANG_WARN_OBJC_IMPLICIT_RETAIN_SELF = YES;
				CLANG_WARN_OBJC_LITERAL_CONVERSION = YES;
				CLANG_WARN_OBJC_ROOT_CLASS = YES_ERROR;
				CLANG_WARN_RANGE_LOOP_ANALYSIS = YES;
				CLANG_WARN_STRICT_PROTOTYPES = YES;
				CLANG_WARN_SUSPICIOUS_MOVE = YES;
				CLANG_WARN_UNGUARDED_AVAILABILITY = YES_AGGRESSIVE;
				CLANG_WARN_UNREACHABLE_CODE = YES;
				CLANG_WARN__DUPLICATE_METHOD_MATCH = YES;
				CODE_SIGN_IDENTITY = "iPhone Developer";
				COPY_PHASE_STRIP = NO;
				DEBUG_INFORMATION_FORMAT = "dwarf-with-dsym";
				ENABLE_NS_ASSERTIONS = NO;
				ENABLE_STRICT_OBJC_MSGSEND = YES;
				GCC_C_LANGUAGE_STANDARD = gnu11;
				GCC_NO_COMMON_BLOCKS = YES;
				GCC_WARN_64_TO_32_BIT_CONVERSION = YES;
				GCC_WARN_ABOUT_RETURN_TYPE = YES_ERROR;
				GCC_WARN_UNDECLARED_SELECTOR = YES;
				GCC_WARN_UNINITIALIZED_AUTOS = YES_AGGRESSIVE;
				GCC_WARN_UNUSED_FUNCTION = YES;
				GCC_WARN_UNUSED_VARIABLE = YES;
				IPHONEOS_DEPLOYMENT_TARGET = 11.3;
				MTL_ENABLE_DEBUG_INFO = NO;
				SDKROOT = iphoneos;
				VALIDATE_PRODUCT = YES;
			};
			name = Release;
		};
		7B49221720A1A31F0048E34A /* Debug */ = {
			isa = XCBuildConfiguration;
			buildSettings = {
				ASSETCATALOG_COMPILER_APPICON_NAME = AppIcon;
				CODE_SIGN_STYLE = Automatic;
				INFOPLIST_FILE = "3D效果/Info.plist";
				LD_RUNPATH_SEARCH_PATHS = (
					"$(inherited)",
					"@executable_path/Frameworks",
				);
				PRODUCT_BUNDLE_IDENTIFIER = "com.fly.www.-D--";
				PRODUCT_NAME = "$(TARGET_NAME)";
				TARGETED_DEVICE_FAMILY = "1,2";
			};
			name = Debug;
		};
		7B49221820A1A31F0048E34A /* Release */ = {
			isa = XCBuildConfiguration;
			buildSettings = {
				ASSETCATALOG_COMPILER_APPICON_NAME = AppIcon;
				CODE_SIGN_STYLE = Automatic;
				INFOPLIST_FILE = "3D效果/Info.plist";
				LD_RUNPATH_SEARCH_PATHS = (
					"$(inherited)",
					"@executable_path/Frameworks",
				);
				PRODUCT_BUNDLE_IDENTIFIER = "com.fly.www.-D--";
				PRODUCT_NAME = "$(TARGET_NAME)";
				TARGETED_DEVICE_FAMILY = "1,2";
			};
			name = Release;
		};
		7B49221A20A1A31F0048E34A /* Debug */ = {
			isa = XCBuildConfiguration;
			buildSettings = {
				BUNDLE_LOADER = "$(TEST_HOST)";
				CODE_SIGN_STYLE = Automatic;
				INFOPLIST_FILE = "3D效果Tests/Info.plist";
				LD_RUNPATH_SEARCH_PATHS = (
					"$(inherited)",
					"@executable_path/Frameworks",
					"@loader_path/Frameworks",
				);
				PRODUCT_BUNDLE_IDENTIFIER = "com.fly.www.-D--Tests";
				PRODUCT_NAME = "$(TARGET_NAME)";
				TARGETED_DEVICE_FAMILY = "1,2";
				TEST_HOST = "$(BUILT_PRODUCTS_DIR)/3D效果.app/3D效果";
			};
			name = Debug;
		};
		7B49221B20A1A31F0048E34A /* Release */ = {
			isa = XCBuildConfiguration;
			buildSettings = {
				BUNDLE_LOADER = "$(TEST_HOST)";
				CODE_SIGN_STYLE = Automatic;
				INFOPLIST_FILE = "3D效果Tests/Info.plist";
				LD_RUNPATH_SEARCH_PATHS = (
					"$(inherited)",
					"@executable_path/Frameworks",
					"@loader_path/Frameworks",
				);
				PRODUCT_BUNDLE_IDENTIFIER = "com.fly.www.-D--Tests";
				PRODUCT_NAME = "$(TARGET_NAME)";
				TARGETED_DEVICE_FAMILY = "1,2";
				TEST_HOST = "$(BUILT_PRODUCTS_DIR)/3D效果.app/3D效果";
			};
			name = Release;
		};
		7B49221D20A1A31F0048E34A /* Debug */ = {
			isa = XCBuildConfiguration;
			buildSettings = {
				CODE_SIGN_STYLE = Automatic;
				INFOPLIST_FILE = "3D效果UITests/Info.plist";
				LD_RUNPATH_SEARCH_PATHS = (
					"$(inherited)",
					"@executable_path/Frameworks",
					"@loader_path/Frameworks",
				);
				PRODUCT_BUNDLE_IDENTIFIER = "com.fly.www.-D--UITests";
				PRODUCT_NAME = "$(TARGET_NAME)";
				TARGETED_DEVICE_FAMILY = "1,2";
				TEST_TARGET_NAME = "3D效果";
			};
			name = Debug;
		};
		7B49221E20A1A31F0048E34A /* Release */ = {
			isa = XCBuildConfiguration;
			buildSettings = {
				CODE_SIGN_STYLE = Automatic;
				INFOPLIST_FILE = "3D效果UITests/Info.plist";
				LD_RUNPATH_SEARCH_PATHS = (
					"$(inherited)",
					"@executable_path/Frameworks",
					"@loader_path/Frameworks",
				);
				PRODUCT_BUNDLE_IDENTIFIER = "com.fly.www.-D--UITests";
				PRODUCT_NAME = "$(TARGET_NAME)";
				TARGETED_DEVICE_FAMILY = "1,2";
				TEST_TARGET_NAME = "3D效果";
			};
			name = Release;
		};
/* End XCBuildConfiguration section */

/* Begin XCConfigurationList section */
		7B4921E520A1A31C0048E34A /* Build configuration list for PBXProject "3D效果" */ = {
			isa = XCConfigurationList;
			buildConfigurations = (
				7B49221420A1A31F0048E34A /* Debug */,
				7B49221520A1A31F0048E34A /* Release */,
			);
			defaultConfigurationIsVisible = 0;
			defaultConfigurationName = Release;
		};
		7B49221620A1A31F0048E34A /* Build configuration list for PBXNativeTarget "3D效果" */ = {
			isa = XCConfigurationList;
			buildConfigurations = (
				7B49221720A1A31F0048E34A /* Debug */,
				7B49221820A1A31F0048E34A /* Release */,
			);
			defaultConfigurationIsVisible = 0;
			defaultConfigurationName = Release;
		};
		7B49221920A1A31F0048E34A /* Build configuration list for PBXNativeTarget "3D效果Tests" */ = {
			isa = XCConfigurationList;
			buildConfigurations = (
				7B49221A20A1A31F0048E34A /* Debug */,
				7B49221B20A1A31F0048E34A /* Release */,
			);
			defaultConfigurationIsVisible = 0;
			defaultConfigurationName = Release;
		};
		7B49221C20A1A31F0048E34A /* Build configuration list for PBXNativeTarget "3D效果UITests" */ = {
			isa = XCConfigurationList;
			buildConfigurations = (
				7B49221D20A1A31F0048E34A /* Debug */,
				7B49221E20A1A31F0048E34A /* Release */,
			);
			defaultConfigurationIsVisible = 0;
			defaultConfigurationName = Release;
		};
/* End XCConfigurationList section */
	};
	rootObject = 7B4921E220A1A31C0048E34A /* Project object */;
}
